// !$*UTF8*$!
{
	archiveVersion = 1;
	classes = {
	};
	objectVersion = 45;
	objects = {

/* Begin PBXBuildFile section */
		2D884FBF1DE6034952953E16 /* DalekVoiceApp.cpp in Sources */ = {isa = PBXBuildFile; fileRef = 26134266532E7BEC636B3284 /* DalekVoiceApp.cpp */; };
		185A74F672D46F690C487DF2 /* Accelerate.framework in Frameworks */ = {isa = PBXBuildFile; fileRef = 50C817BE3C1E5C1661722781 /* Accelerate.framework */; };
		1F5652AE283E1439447E5101 /* ApplicationServices.framework in Frameworks */ = {isa = PBXBuildFile; fileRef = 4B30523609013A133989542C /* ApplicationServices.framework */; };
		54E06F2507D0173B5EA11E43 /* AudioToolbox.framework in Frameworks */ = {isa = PBXBuildFile; fileRef = 1B8604F85B5B3A3379427941 /* AudioToolbox.framework */; };
		69EA2BAF70E568E403C93C27 /* AudioUnit.framework in Frameworks */ = {isa = PBXBuildFile; fileRef = 67D56B64185268A478432AC1 /* AudioUnit.framework */; };
		14B65F2304E57C4E7A2C1BE9 /* Carbon.framework in Frameworks */ = {isa = PBXBuildFile; fileRef = 5D842D682D0019AB41C25B31 /* Carbon.framework */; };
		10E00AE347FC24F0092560FF /* Cocoa.framework in Frameworks */ = {isa = PBXBuildFile; fileRef = 756358FF5B7F053F1D1A3362 /* Cocoa.framework */; };
		29D105F464F27AD4172C7835 /* CoreAudio.framework in Frameworks */ = {isa = PBXBuildFile; fileRef = 2C341D352A635F2576DA6503 /* CoreAudio.framework */; };
		3F145F374CF575C1017E1FCA /* CoreFoundation.framework in Frameworks */ = {isa = PBXBuildFile; fileRef = 1D9F42DF526320B82E847C24 /* CoreFoundation.framework */; };
		3B4C17683400072F2F3E48DC /* CoreMIDI.framework in Frameworks */ = {isa = PBXBuildFile; fileRef = 1AF41F6C17E77E9A67CD582C /* CoreMIDI.framework */; };
		3E624F204FFD24E47CD73CD9 /* CoreVideo.framework in Frameworks */ = {isa = PBXBuildFile; fileRef = 16E319B001F92F97117070E4 /* CoreVideo.framework */; };
		398B7ECF5DF256D83E08085E /* OpenGL.framework in Frameworks */ = {isa = PBXBuildFile; fileRef = 006E768A675722ED7DD614D5 /* OpenGL.framework */; };
		5E1636FB407420C2459134B7 /* QTKit.framework in Frameworks */ = {isa = PBXBuildFile; fileRef = 795B7D20517B7EFD506723F9 /* QTKit.framework */; };
		542849E964410E4C55144536 /* libLabSound.a in Frameworks */ = {isa = PBXBuildFile; fileRef = 253419F92BC40C5400182B7B /* libLabSound.a */; };
/* End PBXBuildFile section */

/* Begin PBXContainerItemProxy section */
		25D42C59149E2F0A74C62BD4 /* PBXContainerItemProxy */ = {
			isa = PBXContainerItemProxy;
			containerPortal = 2A2D7BFC5DE924881C195AAB /* LabSound.xcodeproj */;
			proxyType = 2;
			remoteGlobalIDString = 2FA677C078D4574B19290B02;
			remoteInfo = "libLabSound.a";
		};
		009963AD310E4DD90ACE649C /* PBXContainerItemProxy */ = {
			isa = PBXContainerItemProxy;
			containerPortal = 2A2D7BFC5DE924881C195AAB /* LabSound.xcodeproj */;
			proxyType = 1;
			remoteGlobalIDString = 442D7AA92DB00A704B5A0F20;
			remoteInfo = "libLabSound.a";
		};
/* End PBXContainerItemProxy section */

/* Begin PBXFileReference section */
		26134266532E7BEC636B3284 /* DalekVoiceApp.cpp */ = {isa = PBXFileReference; lastKnownFileType = sourcecode.cpp.cpp; name = "DalekVoiceApp.cpp"; path = "DalekVoiceApp.cpp"; sourceTree = "<group>"; };
		6E525AF32543666916B822D9 /* Info.plist */ = {isa = PBXFileReference; lastKnownFileType = text.plist.xml; name = "Info.plist"; path = "Info.plist"; sourceTree = "<group>"; };
		6FFF60C95F724E7436F136EA /* Composite.wav */ = {isa = PBXFileReference; lastKnownFileType = text; name = "Composite.wav"; path = "Composite.wav"; sourceTree = "<group>"; };
		6E9A700E507B545C06932211 /* IRC_Composite_C_R0195_T000_P000.wav */ = {isa = PBXFileReference; lastKnownFileType = text; name = "IRC_Composite_C_R0195_T000_P000.wav"; path = "IRC_Composite_C_R0195_T000_P000.wav"; sourceTree = "<group>"; };
		20AD54A537330A082C8D0E74 /* IRC_Composite_C_R0195_T000_P015.wav */ = {isa = PBXFileReference; lastKnownFileType = text; name = "IRC_Composite_C_R0195_T000_P015.wav"; path = "IRC_Composite_C_R0195_T000_P015.wav"; sourceTree = "<group>"; };
		09762B6D2CE2659B484A014C /* IRC_Composite_C_R0195_T000_P030.wav */ = {isa = PBXFileReference; lastKnownFileType = text; name = "IRC_Composite_C_R0195_T000_P030.wav"; path = "IRC_Composite_C_R0195_T000_P030.wav"; sourceTree = "<group>"; };
		52E35ED91AD73EFE23405D7A /* IRC_Composite_C_R0195_T000_P045.wav */ = {isa = PBXFileReference; lastKnownFileType = text; name = "IRC_Composite_C_R0195_T000_P045.wav"; path = "IRC_Composite_C_R0195_T000_P045.wav"; sourceTree = "<group>"; };
		29DB149F648B0A8F5B114BA3 /* IRC_Composite_C_R0195_T000_P060.wav */ = {isa = PBXFileReference; lastKnownFileType = text; name = "IRC_Composite_C_R0195_T000_P060.wav"; path = "IRC_Composite_C_R0195_T000_P060.wav"; sourceTree = "<group>"; };
		67DA471A15627213530052A0 /* IRC_Composite_C_R0195_T000_P075.wav */ = {isa = PBXFileReference; lastKnownFileType = text; name = "IRC_Composite_C_R0195_T000_P075.wav"; path = "IRC_Composite_C_R0195_T000_P075.wav"; sourceTree = "<group>"; };
		1FA71F656042435929AE5EB9 /* IRC_Composite_C_R0195_T000_P090.wav */ = {isa = PBXFileReference; lastKnownFileType = text; name = "IRC_Composite_C_R0195_T000_P090.wav"; path = "IRC_Composite_C_R0195_T000_P090.wav"; sourceTree = "<group>"; };
		04B738650FD634E622E65181 /* IRC_Composite_C_R0195_T000_P315.wav */ = {isa = PBXFileReference; lastKnownFileType = text; name = "IRC_Composite_C_R0195_T000_P315.wav"; path = "IRC_Composite_C_R0195_T000_P315.wav"; sourceTree = "<group>"; };
		13F901F049F66C8952373D0C /* IRC_Composite_C_R0195_T000_P330.wav */ = {isa = PBXFileReference; lastKnownFileType = text; name = "IRC_Composite_C_R0195_T000_P330.wav"; path = "IRC_Composite_C_R0195_T000_P330.wav"; sourceTree = "<group>"; };
		6BC012AF4416405B49AF241F /* IRC_Composite_C_R0195_T000_P345.wav */ = {isa = PBXFileReference; lastKnownFileType = text; name = "IRC_Composite_C_R0195_T000_P345.wav"; path = "IRC_Composite_C_R0195_T000_P345.wav"; sourceTree = "<group>"; };
		170B7DDF76E212F05C142E85 /* IRC_Composite_C_R0195_T015_P000.wav */ = {isa = PBXFileReference; lastKnownFileType = text; name = "IRC_Composite_C_R0195_T015_P000.wav"; path = "IRC_Composite_C_R0195_T015_P000.wav"; sourceTree = "<group>"; };
		3CE823BF6FA96FD265014086 /* IRC_Composite_C_R0195_T015_P015.wav */ = {isa = PBXFileReference; lastKnownFileType = text; name = "IRC_Composite_C_R0195_T015_P015.wav"; path = "IRC_Composite_C_R0195_T015_P015.wav"; sourceTree = "<group>"; };
		5160115D0A1712EA01E847AD /* IRC_Composite_C_R0195_T015_P030.wav */ = {isa = PBXFileReference; lastKnownFileType = text; name = "IRC_Composite_C_R0195_T015_P030.wav"; path = "IRC_Composite_C_R0195_T015_P030.wav"; sourceTree = "<group>"; };
		623D420036497F3D18A9064A /* IRC_Composite_C_R0195_T015_P045.wav */ = {isa = PBXFileReference; lastKnownFileType = text; name = "IRC_Composite_C_R0195_T015_P045.wav"; path = "IRC_Composite_C_R0195_T015_P045.wav"; sourceTree = "<group>"; };
		00FA3B37202F179E0FB7766C /* IRC_Composite_C_R0195_T015_P060.wav */ = {isa = PBXFileReference; lastKnownFileType = text; name = "IRC_Composite_C_R0195_T015_P060.wav"; path = "IRC_Composite_C_R0195_T015_P060.wav"; sourceTree = "<group>"; };
		5CD673F507376A7C1D851F7F /* IRC_Composite_C_R0195_T015_P075.wav */ = {isa = PBXFileReference; lastKnownFileType = text; name = "IRC_Composite_C_R0195_T015_P075.wav"; path = "IRC_Composite_C_R0195_T015_P075.wav"; sourceTree = "<group>"; };
		67442C171FF52B9C1D847FB1 /* IRC_Composite_C_R0195_T015_P090.wav */ = {isa = PBXFileReference; lastKnownFileType = text; name = "IRC_Composite_C_R0195_T015_P090.wav"; path = "IRC_Composite_C_R0195_T015_P090.wav"; sourceTree = "<group>"; };
		4E8850C7488741C03F693064 /* IRC_Composite_C_R0195_T015_P315.wav */ = {isa = PBXFileReference; lastKnownFileType = text; name = "IRC_Composite_C_R0195_T015_P315.wav"; path = "IRC_Composite_C_R0195_T015_P315.wav"; sourceTree = "<group>"; };
		2B375322003D5A6545C30797 /* IRC_Composite_C_R0195_T015_P330.wav */ = {isa = PBXFileReference; lastKnownFileType = text; name = "IRC_Composite_C_R0195_T015_P330.wav"; path = "IRC_Composite_C_R0195_T015_P330.wav"; sourceTree = "<group>"; };
		5A9525E44675313511517F76 /* IRC_Composite_C_R0195_T015_P345.wav */ = {isa = PBXFileReference; lastKnownFileType = text; name = "IRC_Composite_C_R0195_T015_P345.wav"; path = "IRC_Composite_C_R0195_T015_P345.wav"; sourceTree = "<group>"; };
		444944541A0F7B855A7F0587 /* IRC_Composite_C_R0195_T030_P000.wav */ = {isa = PBXFileReference; lastKnownFileType = text; name = "IRC_Composite_C_R0195_T030_P000.wav"; path = "IRC_Composite_C_R0195_T030_P000.wav"; sourceTree = "<group>"; };
		092E5EC9771933614DAD2232 /* IRC_Composite_C_R0195_T030_P015.wav */ = {isa = PBXFileReference; lastKnownFileType = text; name = "IRC_Composite_C_R0195_T030_P015.wav"; path = "IRC_Composite_C_R0195_T030_P015.wav"; sourceTree = "<group>"; };
		05E90F6A7D6444D23FCB5008 /* IRC_Composite_C_R0195_T030_P030.wav */ = {isa = PBXFileReference; lastKnownFileType = text; name = "IRC_Composite_C_R0195_T030_P030.wav"; path = "IRC_Composite_C_R0195_T030_P030.wav"; sourceTree = "<group>"; };
		628456556BCC2669413270AA /* IRC_Composite_C_R0195_T030_P045.wav */ = {isa = PBXFileReference; lastKnownFileType = text; name = "IRC_Composite_C_R0195_T030_P045.wav"; path = "IRC_Composite_C_R0195_T030_P045.wav"; sourceTree = "<group>"; };
		3CD54E3D11AC43C378AB4E44 /* IRC_Composite_C_R0195_T030_P060.wav */ = {isa = PBXFileReference; lastKnownFileType = text; name = "IRC_Composite_C_R0195_T030_P060.wav"; path = "IRC_Composite_C_R0195_T030_P060.wav"; sourceTree = "<group>"; };
		6CBD159250ED36E676752760 /* IRC_Composite_C_R0195_T030_P075.wav */ = {isa = PBXFileReference; lastKnownFileType = text; name = "IRC_Composite_C_R0195_T030_P075.wav"; path = "IRC_Composite_C_R0195_T030_P075.wav"; sourceTree = "<group>"; };
		34CA5D3378AE7D8E08C83D01 /* IRC_Composite_C_R0195_T030_P090.wav */ = {isa = PBXFileReference; lastKnownFileType = text; name = "IRC_Composite_C_R0195_T030_P090.wav"; path = "IRC_Composite_C_R0195_T030_P090.wav"; sourceTree = "<group>"; };
		28537CBF7BA40A4D66C453CB /* IRC_Composite_C_R0195_T030_P315.wav */ = {isa = PBXFileReference; lastKnownFileType = text; name = "IRC_Composite_C_R0195_T030_P315.wav"; path = "IRC_Composite_C_R0195_T030_P315.wav"; sourceTree = "<group>"; };
		5174342640D710C2563F4AD3 /* IRC_Composite_C_R0195_T030_P330.wav */ = {isa = PBXFileReference; lastKnownFileType = text; name = "IRC_Composite_C_R0195_T030_P330.wav"; path = "IRC_Composite_C_R0195_T030_P330.wav"; sourceTree = "<group>"; };
		6C563A8C68757AAC47582256 /* IRC_Composite_C_R0195_T030_P345.wav */ = {isa = PBXFileReference; lastKnownFileType = text; name = "IRC_Composite_C_R0195_T030_P345.wav"; path = "IRC_Composite_C_R0195_T030_P345.wav"; sourceTree = "<group>"; };
		4FA50B004B9E165D65202521 /* IRC_Composite_C_R0195_T045_P000.wav */ = {isa = PBXFileReference; lastKnownFileType = text; name = "IRC_Composite_C_R0195_T045_P000.wav"; path = "IRC_Composite_C_R0195_T045_P000.wav"; sourceTree = "<group>"; };
		1FC758CF3E1C317A41634AFE /* IRC_Composite_C_R0195_T045_P015.wav */ = {isa = PBXFileReference; lastKnownFileType = text; name = "IRC_Composite_C_R0195_T045_P015.wav"; path = "IRC_Composite_C_R0195_T045_P015.wav"; sourceTree = "<group>"; };
		6B1027C6477B0F8A389C377C /* IRC_Composite_C_R0195_T045_P030.wav */ = {isa = PBXFileReference; lastKnownFileType = text; name = "IRC_Composite_C_R0195_T045_P030.wav"; path = "IRC_Composite_C_R0195_T045_P030.wav"; sourceTree = "<group>"; };
		5B8A60DA18EF20F544515D2C /* IRC_Composite_C_R0195_T045_P045.wav */ = {isa = PBXFileReference; lastKnownFileType = text; name = "IRC_Composite_C_R0195_T045_P045.wav"; path = "IRC_Composite_C_R0195_T045_P045.wav"; sourceTree = "<group>"; };
		7E93268A5CF456CA0E173D6D /* IRC_Composite_C_R0195_T045_P060.wav */ = {isa = PBXFileReference; lastKnownFileType = text; name = "IRC_Composite_C_R0195_T045_P060.wav"; path = "IRC_Composite_C_R0195_T045_P060.wav"; sourceTree = "<group>"; };
		5F2E46B3176719040AFB11E3 /* IRC_Composite_C_R0195_T045_P075.wav */ = {isa = PBXFileReference; lastKnownFileType = text; name = "IRC_Composite_C_R0195_T045_P075.wav"; path = "IRC_Composite_C_R0195_T045_P075.wav"; sourceTree = "<group>"; };
		69F90BF0447B6F31134924CE /* IRC_Composite_C_R0195_T045_P090.wav */ = {isa = PBXFileReference; lastKnownFileType = text; name = "IRC_Composite_C_R0195_T045_P090.wav"; path = "IRC_Composite_C_R0195_T045_P090.wav"; sourceTree = "<group>"; };
		76E36DF111B049630B517E3B /* IRC_Composite_C_R0195_T045_P315.wav */ = {isa = PBXFileReference; lastKnownFileType = text; name = "IRC_Composite_C_R0195_T045_P315.wav"; path = "IRC_Composite_C_R0195_T045_P315.wav"; sourceTree = "<group>"; };
		00164C2049A840DE70477FCB /* IRC_Composite_C_R0195_T045_P330.wav */ = {isa = PBXFileReference; lastKnownFileType = text; name = "IRC_Composite_C_R0195_T045_P330.wav"; path = "IRC_Composite_C_R0195_T045_P330.wav"; sourceTree = "<group>"; };
		78492E8D57841D486D0A3484 /* IRC_Composite_C_R0195_T045_P345.wav */ = {isa = PBXFileReference; lastKnownFileType = text; name = "IRC_Composite_C_R0195_T045_P345.wav"; path = "IRC_Composite_C_R0195_T045_P345.wav"; sourceTree = "<group>"; };
		610A00B23456128F180D3A77 /* IRC_Composite_C_R0195_T060_P000.wav */ = {isa = PBXFileReference; lastKnownFileType = text; name = "IRC_Composite_C_R0195_T060_P000.wav"; path = "IRC_Composite_C_R0195_T060_P000.wav"; sourceTree = "<group>"; };
		69852F4C3867311E2B7479CB /* IRC_Composite_C_R0195_T060_P015.wav */ = {isa = PBXFileReference; lastKnownFileType = text; name = "IRC_Composite_C_R0195_T060_P015.wav"; path = "IRC_Composite_C_R0195_T060_P015.wav"; sourceTree = "<group>"; };
		01E3023B2CB7434E56267BCC /* IRC_Composite_C_R0195_T060_P030.wav */ = {isa = PBXFileReference; lastKnownFileType = text; name = "IRC_Composite_C_R0195_T060_P030.wav"; path = "IRC_Composite_C_R0195_T060_P030.wav"; sourceTree = "<group>"; };
		2E0B611F4ADA661F384950D8 /* IRC_Composite_C_R0195_T060_P045.wav */ = {isa = PBXFileReference; lastKnownFileType = text; name = "IRC_Composite_C_R0195_T060_P045.wav"; path = "IRC_Composite_C_R0195_T060_P045.wav"; sourceTree = "<group>"; };
		2EB370042D2B773A34FD6FD9 /* IRC_Composite_C_R0195_T060_P060.wav */ = {isa = PBXFileReference; lastKnownFileType = text; name = "IRC_Composite_C_R0195_T060_P060.wav"; path = "IRC_Composite_C_R0195_T060_P060.wav"; sourceTree = "<group>"; };
		2B0B629E738D416562D6569D /* IRC_Composite_C_R0195_T060_P075.wav */ = {isa = PBXFileReference; lastKnownFileType = text; name = "IRC_Composite_C_R0195_T060_P075.wav"; path = "IRC_Composite_C_R0195_T060_P075.wav"; sourceTree = "<group>"; };
		17FE39E2285F17291C50513B /* IRC_Composite_C_R0195_T060_P090.wav */ = {isa = PBXFileReference; lastKnownFileType = text; name = "IRC_Composite_C_R0195_T060_P090.wav"; path = "IRC_Composite_C_R0195_T060_P090.wav"; sourceTree = "<group>"; };
		0E0022A04ADD0901266E20D6 /* IRC_Composite_C_R0195_T060_P315.wav */ = {isa = PBXFileReference; lastKnownFileType = text; name = "IRC_Composite_C_R0195_T060_P315.wav"; path = "IRC_Composite_C_R0195_T060_P315.wav"; sourceTree = "<group>"; };
		5FCC043A12AE7B385A842D89 /* IRC_Composite_C_R0195_T060_P330.wav */ = {isa = PBXFileReference; lastKnownFileType = text; name = "IRC_Composite_C_R0195_T060_P330.wav"; path = "IRC_Composite_C_R0195_T060_P330.wav"; sourceTree = "<group>"; };
		7E9460DC2A407FAD716E0758 /* IRC_Composite_C_R0195_T060_P345.wav */ = {isa = PBXFileReference; lastKnownFileType = text; name = "IRC_Composite_C_R0195_T060_P345.wav"; path = "IRC_Composite_C_R0195_T060_P345.wav"; sourceTree = "<group>"; };
		55F6269E7C500EB9156E0C60 /* IRC_Composite_C_R0195_T075_P000.wav */ = {isa = PBXFileReference; lastKnownFileType = text; name = "IRC_Composite_C_R0195_T075_P000.wav"; path = "IRC_Composite_C_R0195_T075_P000.wav"; sourceTree = "<group>"; };
		15F2493217AD187A16AB75C5 /* IRC_Composite_C_R0195_T075_P015.wav */ = {isa = PBXFileReference; lastKnownFileType = text; name = "IRC_Composite_C_R0195_T075_P015.wav"; path = "IRC_Composite_C_R0195_T075_P015.wav"; sourceTree = "<group>"; };
		0B106469368377E91FD36CDB /* IRC_Composite_C_R0195_T075_P030.wav */ = {isa = PBXFileReference; lastKnownFileType = text; name = "IRC_Composite_C_R0195_T075_P030.wav"; path = "IRC_Composite_C_R0195_T075_P030.wav"; sourceTree = "<group>"; };
		255505F1216D2ADD36356891 /* IRC_Composite_C_R0195_T075_P045.wav */ = {isa = PBXFileReference; lastKnownFileType = text; name = "IRC_Composite_C_R0195_T075_P045.wav"; path = "IRC_Composite_C_R0195_T075_P045.wav"; sourceTree = "<group>"; };
		39C74CF36703189B05E3139E /* IRC_Composite_C_R0195_T075_P060.wav */ = {isa = PBXFileReference; lastKnownFileType = text; name = "IRC_Composite_C_R0195_T075_P060.wav"; path = "IRC_Composite_C_R0195_T075_P060.wav"; sourceTree = "<group>"; };
		1EF4589D4D0530505F3A0948 /* IRC_Composite_C_R0195_T075_P075.wav */ = {isa = PBXFileReference; lastKnownFileType = text; name = "IRC_Composite_C_R0195_T075_P075.wav"; path = "IRC_Composite_C_R0195_T075_P075.wav"; sourceTree = "<group>"; };
		7C65623A66E8183369111960 /* IRC_Composite_C_R0195_T075_P090.wav */ = {isa = PBXFileReference; lastKnownFileType = text; name = "IRC_Composite_C_R0195_T075_P090.wav"; path = "IRC_Composite_C_R0195_T075_P090.wav"; sourceTree = "<group>"; };
		0FFE0CE93CE56495271A1F2E /* IRC_Composite_C_R0195_T075_P315.wav */ = {isa = PBXFileReference; lastKnownFileType = text; name = "IRC_Composite_C_R0195_T075_P315.wav"; path = "IRC_Composite_C_R0195_T075_P315.wav"; sourceTree = "<group>"; };
		2B0C5D497BE6726832F50B93 /* IRC_Composite_C_R0195_T075_P330.wav */ = {isa = PBXFileReference; lastKnownFileType = text; name = "IRC_Composite_C_R0195_T075_P330.wav"; path = "IRC_Composite_C_R0195_T075_P330.wav"; sourceTree = "<group>"; };
		16BF146C543031351E2B1D91 /* IRC_Composite_C_R0195_T075_P345.wav */ = {isa = PBXFileReference; lastKnownFileType = text; name = "IRC_Composite_C_R0195_T075_P345.wav"; path = "IRC_Composite_C_R0195_T075_P345.wav"; sourceTree = "<group>"; };
		576B51CD012546F912FC6BA3 /* IRC_Composite_C_R0195_T090_P000.wav */ = {isa = PBXFileReference; lastKnownFileType = text; name = "IRC_Composite_C_R0195_T090_P000.wav"; path = "IRC_Composite_C_R0195_T090_P000.wav"; sourceTree = "<group>"; };
		340F05ED0E497A44331D5C9F /* IRC_Composite_C_R0195_T090_P015.wav */ = {isa = PBXFileReference; lastKnownFileType = text; name = "IRC_Composite_C_R0195_T090_P015.wav"; path = "IRC_Composite_C_R0195_T090_P015.wav"; sourceTree = "<group>"; };
		66374ADA680824224914015C /* IRC_Composite_C_R0195_T090_P030.wav */ = {isa = PBXFileReference; lastKnownFileType = text; name = "IRC_Composite_C_R0195_T090_P030.wav"; path = "IRC_Composite_C_R0195_T090_P030.wav"; sourceTree = "<group>"; };
		6E5E743B52A10126256265D7 /* IRC_Composite_C_R0195_T090_P045.wav */ = {isa = PBXFileReference; lastKnownFileType = text; name = "IRC_Composite_C_R0195_T090_P045.wav"; path = "IRC_Composite_C_R0195_T090_P045.wav"; sourceTree = "<group>"; };
		0DF0370214B659C0506329B1 /* IRC_Composite_C_R0195_T090_P060.wav */ = {isa = PBXFileReference; lastKnownFileType = text; name = "IRC_Composite_C_R0195_T090_P060.wav"; path = "IRC_Composite_C_R0195_T090_P060.wav"; sourceTree = "<group>"; };
		2AC37F782D63583C63E36478 /* IRC_Composite_C_R0195_T090_P075.wav */ = {isa = PBXFileReference; lastKnownFileType = text; name = "IRC_Composite_C_R0195_T090_P075.wav"; path = "IRC_Composite_C_R0195_T090_P075.wav"; sourceTree = "<group>"; };
		397876B05AF513A3511962CD /* IRC_Composite_C_R0195_T090_P090.wav */ = {isa = PBXFileReference; lastKnownFileType = text; name = "IRC_Composite_C_R0195_T090_P090.wav"; path = "IRC_Composite_C_R0195_T090_P090.wav"; sourceTree = "<group>"; };
		2C01288078E51C026D42407A /* IRC_Composite_C_R0195_T090_P315.wav */ = {isa = PBXFileReference; lastKnownFileType = text; name = "IRC_Composite_C_R0195_T090_P315.wav"; path = "IRC_Composite_C_R0195_T090_P315.wav"; sourceTree = "<group>"; };
		3B8122EA38392E347B9B2FAB /* IRC_Composite_C_R0195_T090_P330.wav */ = {isa = PBXFileReference; lastKnownFileType = text; name = "IRC_Composite_C_R0195_T090_P330.wav"; path = "IRC_Composite_C_R0195_T090_P330.wav"; sourceTree = "<group>"; };
		33D258E81D3C689345746447 /* IRC_Composite_C_R0195_T090_P345.wav */ = {isa = PBXFileReference; lastKnownFileType = text; name = "IRC_Composite_C_R0195_T090_P345.wav"; path = "IRC_Composite_C_R0195_T090_P345.wav"; sourceTree = "<group>"; };
		0CB429261FE434F350140F7A /* IRC_Composite_C_R0195_T105_P000.wav */ = {isa = PBXFileReference; lastKnownFileType = text; name = "IRC_Composite_C_R0195_T105_P000.wav"; path = "IRC_Composite_C_R0195_T105_P000.wav"; sourceTree = "<group>"; };
		1C32562C070E639151CD0FA4 /* IRC_Composite_C_R0195_T105_P015.wav */ = {isa = PBXFileReference; lastKnownFileType = text; name = "IRC_Composite_C_R0195_T105_P015.wav"; path = "IRC_Composite_C_R0195_T105_P015.wav"; sourceTree = "<group>"; };
		740060F04111463A315F6C71 /* IRC_Composite_C_R0195_T105_P030.wav */ = {isa = PBXFileReference; lastKnownFileType = text; name = "IRC_Composite_C_R0195_T105_P030.wav"; path = "IRC_Composite_C_R0195_T105_P030.wav"; sourceTree = "<group>"; };
		105768BF5D6A096C451570CF /* IRC_Composite_C_R0195_T105_P045.wav */ = {isa = PBXFileReference; lastKnownFileType = text; name = "IRC_Composite_C_R0195_T105_P045.wav"; path = "IRC_Composite_C_R0195_T105_P045.wav"; sourceTree = "<group>"; };
		4536149562DF3269268055C3 /* IRC_Composite_C_R0195_T105_P060.wav */ = {isa = PBXFileReference; lastKnownFileType = text; name = "IRC_Composite_C_R0195_T105_P060.wav"; path = "IRC_Composite_C_R0195_T105_P060.wav"; sourceTree = "<group>"; };
		1BAB283532C94CEB6C44192E /* IRC_Composite_C_R0195_T105_P075.wav */ = {isa = PBXFileReference; lastKnownFileType = text; name = "IRC_Composite_C_R0195_T105_P075.wav"; path = "IRC_Composite_C_R0195_T105_P075.wav"; sourceTree = "<group>"; };
		2E272E14443C6C211CA45937 /* IRC_Composite_C_R0195_T105_P090.wav */ = {isa = PBXFileReference; lastKnownFileType = text; name = "IRC_Composite_C_R0195_T105_P090.wav"; path = "IRC_Composite_C_R0195_T105_P090.wav"; sourceTree = "<group>"; };
		58F53CD34C5846E43CFE7ECE /* IRC_Composite_C_R0195_T105_P315.wav */ = {isa = PBXFileReference; lastKnownFileType = text; name = "IRC_Composite_C_R0195_T105_P315.wav"; path = "IRC_Composite_C_R0195_T105_P315.wav"; sourceTree = "<group>"; };
		34E278E71C797F8C68D66B95 /* IRC_Composite_C_R0195_T105_P330.wav */ = {isa = PBXFileReference; lastKnownFileType = text; name = "IRC_Composite_C_R0195_T105_P330.wav"; path = "IRC_Composite_C_R0195_T105_P330.wav"; sourceTree = "<group>"; };
		238D29E7225D1C107E1146B7 /* IRC_Composite_C_R0195_T105_P345.wav */ = {isa = PBXFileReference; lastKnownFileType = text; name = "IRC_Composite_C_R0195_T105_P345.wav"; path = "IRC_Composite_C_R0195_T105_P345.wav"; sourceTree = "<group>"; };
		1DF412931356001E4C5C6575 /* IRC_Composite_C_R0195_T120_P000.wav */ = {isa = PBXFileReference; lastKnownFileType = text; name = "IRC_Composite_C_R0195_T120_P000.wav"; path = "IRC_Composite_C_R0195_T120_P000.wav"; sourceTree = "<group>"; };
		168D397D6F582B9557F94A29 /* IRC_Composite_C_R0195_T120_P015.wav */ = {isa = PBXFileReference; lastKnownFileType = text; name = "IRC_Composite_C_R0195_T120_P015.wav"; path = "IRC_Composite_C_R0195_T120_P015.wav"; sourceTree = "<group>"; };
		6E132F674387774042071544 /* IRC_Composite_C_R0195_T120_P030.wav */ = {isa = PBXFileReference; lastKnownFileType = text; name = "IRC_Composite_C_R0195_T120_P030.wav"; path = "IRC_Composite_C_R0195_T120_P030.wav"; sourceTree = "<group>"; };
		576764D622BA11A725A870E4 /* IRC_Composite_C_R0195_T120_P045.wav */ = {isa = PBXFileReference; lastKnownFileType = text; name = "IRC_Composite_C_R0195_T120_P045.wav"; path = "IRC_Composite_C_R0195_T120_P045.wav"; sourceTree = "<group>"; };
		3E576A4E306C0DC6444C6BAC /* IRC_Composite_C_R0195_T120_P060.wav */ = {isa = PBXFileReference; lastKnownFileType = text; name = "IRC_Composite_C_R0195_T120_P060.wav"; path = "IRC_Composite_C_R0195_T120_P060.wav"; sourceTree = "<group>"; };
		777A072C758B12BC0DF4277A /* IRC_Composite_C_R0195_T120_P075.wav */ = {isa = PBXFileReference; lastKnownFileType = text; name = "IRC_Composite_C_R0195_T120_P075.wav"; path = "IRC_Composite_C_R0195_T120_P075.wav"; sourceTree = "<group>"; };
		718C3C1930D92F937A1E5D03 /* IRC_Composite_C_R0195_T120_P090.wav */ = {isa = PBXFileReference; lastKnownFileType = text; name = "IRC_Composite_C_R0195_T120_P090.wav"; path = "IRC_Composite_C_R0195_T120_P090.wav"; sourceTree = "<group>"; };
		09F604AB223363165B492BC1 /* IRC_Composite_C_R0195_T120_P315.wav */ = {isa = PBXFileReference; lastKnownFileType = text; name = "IRC_Composite_C_R0195_T120_P315.wav"; path = "IRC_Composite_C_R0195_T120_P315.wav"; sourceTree = "<group>"; };
		407A1F513A823DE31EA8479C /* IRC_Composite_C_R0195_T120_P330.wav */ = {isa = PBXFileReference; lastKnownFileType = text; name = "IRC_Composite_C_R0195_T120_P330.wav"; path = "IRC_Composite_C_R0195_T120_P330.wav"; sourceTree = "<group>"; };
		7A5566FC6AFB1CAC1DBE5B17 /* IRC_Composite_C_R0195_T120_P345.wav */ = {isa = PBXFileReference; lastKnownFileType = text; name = "IRC_Composite_C_R0195_T120_P345.wav"; path = "IRC_Composite_C_R0195_T120_P345.wav"; sourceTree = "<group>"; };
		007C71D2514C0D92263C6B3A /* IRC_Composite_C_R0195_T135_P000.wav */ = {isa = PBXFileReference; lastKnownFileType = text; name = "IRC_Composite_C_R0195_T135_P000.wav"; path = "IRC_Composite_C_R0195_T135_P000.wav"; sourceTree = "<group>"; };
		44276915088F0B2B36BB63FF /* IRC_Composite_C_R0195_T135_P015.wav */ = {isa = PBXFileReference; lastKnownFileType = text; name = "IRC_Composite_C_R0195_T135_P015.wav"; path = "IRC_Composite_C_R0195_T135_P015.wav"; sourceTree = "<group>"; };
		254D001A4EDE09BE44F21F35 /* IRC_Composite_C_R0195_T135_P030.wav */ = {isa = PBXFileReference; lastKnownFileType = text; name = "IRC_Composite_C_R0195_T135_P030.wav"; path = "IRC_Composite_C_R0195_T135_P030.wav"; sourceTree = "<group>"; };
		6CC7202430304EB3546B701D /* IRC_Composite_C_R0195_T135_P045.wav */ = {isa = PBXFileReference; lastKnownFileType = text; name = "IRC_Composite_C_R0195_T135_P045.wav"; path = "IRC_Composite_C_R0195_T135_P045.wav"; sourceTree = "<group>"; };
		0174209746A177C14B906E4E /* IRC_Composite_C_R0195_T135_P060.wav */ = {isa = PBXFileReference; lastKnownFileType = text; name = "IRC_Composite_C_R0195_T135_P060.wav"; path = "IRC_Composite_C_R0195_T135_P060.wav"; sourceTree = "<group>"; };
		4F11153952E775F94AB366CA /* IRC_Composite_C_R0195_T135_P075.wav */ = {isa = PBXFileReference; lastKnownFileType = text; name = "IRC_Composite_C_R0195_T135_P075.wav"; path = "IRC_Composite_C_R0195_T135_P075.wav"; sourceTree = "<group>"; };
		7B175534766919EC6E473854 /* IRC_Composite_C_R0195_T135_P090.wav */ = {isa = PBXFileReference; lastKnownFileType = text; name = "IRC_Composite_C_R0195_T135_P090.wav"; path = "IRC_Composite_C_R0195_T135_P090.wav"; sourceTree = "<group>"; };
		18B6632C65C637067F42740B /* IRC_Composite_C_R0195_T135_P315.wav */ = {isa = PBXFileReference; lastKnownFileType = text; name = "IRC_Composite_C_R0195_T135_P315.wav"; path = "IRC_Composite_C_R0195_T135_P315.wav"; sourceTree = "<group>"; };
		01B47FCB18B12C8D00995255 /* IRC_Composite_C_R0195_T135_P330.wav */ = {isa = PBXFileReference; lastKnownFileType = text; name = "IRC_Composite_C_R0195_T135_P330.wav"; path = "IRC_Composite_C_R0195_T135_P330.wav"; sourceTree = "<group>"; };
		673A26A9475875ED24FE4B9F /* IRC_Composite_C_R0195_T135_P345.wav */ = {isa = PBXFileReference; lastKnownFileType = text; name = "IRC_Composite_C_R0195_T135_P345.wav"; path = "IRC_Composite_C_R0195_T135_P345.wav"; sourceTree = "<group>"; };
		5B4744CF72195AA468A81013 /* IRC_Composite_C_R0195_T150_P000.wav */ = {isa = PBXFileReference; lastKnownFileType = text; name = "IRC_Composite_C_R0195_T150_P000.wav"; path = "IRC_Composite_C_R0195_T150_P000.wav"; sourceTree = "<group>"; };
		57027C785F421D7517C31FF0 /* IRC_Composite_C_R0195_T150_P015.wav */ = {isa = PBXFileReference; lastKnownFileType = text; name = "IRC_Composite_C_R0195_T150_P015.wav"; path = "IRC_Composite_C_R0195_T150_P015.wav"; sourceTree = "<group>"; };
		71DA5D0B15496CE93B88625C /* IRC_Composite_C_R0195_T150_P030.wav */ = {isa = PBXFileReference; lastKnownFileType = text; name = "IRC_Composite_C_R0195_T150_P030.wav"; path = "IRC_Composite_C_R0195_T150_P030.wav"; sourceTree = "<group>"; };
		17ED5F5A36273A8917562823 /* IRC_Composite_C_R0195_T150_P045.wav */ = {isa = PBXFileReference; lastKnownFileType = text; name = "IRC_Composite_C_R0195_T150_P045.wav"; path = "IRC_Composite_C_R0195_T150_P045.wav"; sourceTree = "<group>"; };
		186B4C1A76DE11847D733E3C /* IRC_Composite_C_R0195_T150_P060.wav */ = {isa = PBXFileReference; lastKnownFileType = text; name = "IRC_Composite_C_R0195_T150_P060.wav"; path = "IRC_Composite_C_R0195_T150_P060.wav"; sourceTree = "<group>"; };
		7E361B4F672E00DD51B23642 /* IRC_Composite_C_R0195_T150_P075.wav */ = {isa = PBXFileReference; lastKnownFileType = text; name = "IRC_Composite_C_R0195_T150_P075.wav"; path = "IRC_Composite_C_R0195_T150_P075.wav"; sourceTree = "<group>"; };
		2BA712065D9D274014375E65 /* IRC_Composite_C_R0195_T150_P090.wav */ = {isa = PBXFileReference; lastKnownFileType = text; name = "IRC_Composite_C_R0195_T150_P090.wav"; path = "IRC_Composite_C_R0195_T150_P090.wav"; sourceTree = "<group>"; };
		69EF78B420411A9E01502C92 /* IRC_Composite_C_R0195_T150_P315.wav */ = {isa = PBXFileReference; lastKnownFileType = text; name = "IRC_Composite_C_R0195_T150_P315.wav"; path = "IRC_Composite_C_R0195_T150_P315.wav"; sourceTree = "<group>"; };
		62AA3ECC5A83081B2BD8099C /* IRC_Composite_C_R0195_T150_P330.wav */ = {isa = PBXFileReference; lastKnownFileType = text; name = "IRC_Composite_C_R0195_T150_P330.wav"; path = "IRC_Composite_C_R0195_T150_P330.wav"; sourceTree = "<group>"; };
		64821B8B75012A291FE46003 /* IRC_Composite_C_R0195_T150_P345.wav */ = {isa = PBXFileReference; lastKnownFileType = text; name = "IRC_Composite_C_R0195_T150_P345.wav"; path = "IRC_Composite_C_R0195_T150_P345.wav"; sourceTree = "<group>"; };
		053029D71B545E863A120ADA /* IRC_Composite_C_R0195_T165_P000.wav */ = {isa = PBXFileReference; lastKnownFileType = text; name = "IRC_Composite_C_R0195_T165_P000.wav"; path = "IRC_Composite_C_R0195_T165_P000.wav"; sourceTree = "<group>"; };
		7F9204B5465F2E39547820C4 /* IRC_Composite_C_R0195_T165_P015.wav */ = {isa = PBXFileReference; lastKnownFileType = text; name = "IRC_Composite_C_R0195_T165_P015.wav"; path = "IRC_Composite_C_R0195_T165_P015.wav"; sourceTree = "<group>"; };
		44BD00522CC9422A536C7B29 /* IRC_Composite_C_R0195_T165_P030.wav */ = {isa = PBXFileReference; lastKnownFileType = text; name = "IRC_Composite_C_R0195_T165_P030.wav"; path = "IRC_Composite_C_R0195_T165_P030.wav"; sourceTree = "<group>"; };
		71882CEA6B6E3FF8391748F4 /* IRC_Composite_C_R0195_T165_P045.wav */ = {isa = PBXFileReference; lastKnownFileType = text; name = "IRC_Composite_C_R0195_T165_P045.wav"; path = "IRC_Composite_C_R0195_T165_P045.wav"; sourceTree = "<group>"; };
		31AF7B7E1D8470713D0947FF /* IRC_Composite_C_R0195_T165_P060.wav */ = {isa = PBXFileReference; lastKnownFileType = text; name = "IRC_Composite_C_R0195_T165_P060.wav"; path = "IRC_Composite_C_R0195_T165_P060.wav"; sourceTree = "<group>"; };
		39FB21BC5BDB27EE2B3C0A19 /* IRC_Composite_C_R0195_T165_P075.wav */ = {isa = PBXFileReference; lastKnownFileType = text; name = "IRC_Composite_C_R0195_T165_P075.wav"; path = "IRC_Composite_C_R0195_T165_P075.wav"; sourceTree = "<group>"; };
		054935E6411377C73E28473B /* IRC_Composite_C_R0195_T165_P090.wav */ = {isa = PBXFileReference; lastKnownFileType = text; name = "IRC_Composite_C_R0195_T165_P090.wav"; path = "IRC_Composite_C_R0195_T165_P090.wav"; sourceTree = "<group>"; };
		7DED68EA7B08035A105B7D6A /* IRC_Composite_C_R0195_T165_P315.wav */ = {isa = PBXFileReference; lastKnownFileType = text; name = "IRC_Composite_C_R0195_T165_P315.wav"; path = "IRC_Composite_C_R0195_T165_P315.wav"; sourceTree = "<group>"; };
		6B061364443E44BB582B78B1 /* IRC_Composite_C_R0195_T165_P330.wav */ = {isa = PBXFileReference; lastKnownFileType = text; name = "IRC_Composite_C_R0195_T165_P330.wav"; path = "IRC_Composite_C_R0195_T165_P330.wav"; sourceTree = "<group>"; };
		50A23CD36474230B509D2965 /* IRC_Composite_C_R0195_T165_P345.wav */ = {isa = PBXFileReference; lastKnownFileType = text; name = "IRC_Composite_C_R0195_T165_P345.wav"; path = "IRC_Composite_C_R0195_T165_P345.wav"; sourceTree = "<group>"; };
		42D9515138FD1DE7390B0C16 /* IRC_Composite_C_R0195_T180_P000.wav */ = {isa = PBXFileReference; lastKnownFileType = text; name = "IRC_Composite_C_R0195_T180_P000.wav"; path = "IRC_Composite_C_R0195_T180_P000.wav"; sourceTree = "<group>"; };
		02D90F830E44221452B36C6A /* IRC_Composite_C_R0195_T180_P015.wav */ = {isa = PBXFileReference; lastKnownFileType = text; name = "IRC_Composite_C_R0195_T180_P015.wav"; path = "IRC_Composite_C_R0195_T180_P015.wav"; sourceTree = "<group>"; };
		64A3356C686358B61DA22CFE /* IRC_Composite_C_R0195_T180_P030.wav */ = {isa = PBXFileReference; lastKnownFileType = text; name = "IRC_Composite_C_R0195_T180_P030.wav"; path = "IRC_Composite_C_R0195_T180_P030.wav"; sourceTree = "<group>"; };
		09DD21D348C277BA00CF3939 /* IRC_Composite_C_R0195_T180_P045.wav */ = {isa = PBXFileReference; lastKnownFileType = text; name = "IRC_Composite_C_R0195_T180_P045.wav"; path = "IRC_Composite_C_R0195_T180_P045.wav"; sourceTree = "<group>"; };
		5BB576521C08603D7C6C3F4F /* IRC_Composite_C_R0195_T180_P060.wav */ = {isa = PBXFileReference; lastKnownFileType = text; name = "IRC_Composite_C_R0195_T180_P060.wav"; path = "IRC_Composite_C_R0195_T180_P060.wav"; sourceTree = "<group>"; };
		7B9733507DEB55A54BA53E6F /* IRC_Composite_C_R0195_T180_P075.wav */ = {isa = PBXFileReference; lastKnownFileType = text; name = "IRC_Composite_C_R0195_T180_P075.wav"; path = "IRC_Composite_C_R0195_T180_P075.wav"; sourceTree = "<group>"; };
		7C676F2252B50FAD50C8160F /* IRC_Composite_C_R0195_T180_P090.wav */ = {isa = PBXFileReference; lastKnownFileType = text; name = "IRC_Composite_C_R0195_T180_P090.wav"; path = "IRC_Composite_C_R0195_T180_P090.wav"; sourceTree = "<group>"; };
		3E3B26B81D52213C2B5F707D /* IRC_Composite_C_R0195_T180_P315.wav */ = {isa = PBXFileReference; lastKnownFileType = text; name = "IRC_Composite_C_R0195_T180_P315.wav"; path = "IRC_Composite_C_R0195_T180_P315.wav"; sourceTree = "<group>"; };
		33C3538367EC59A97BE44F6D /* IRC_Composite_C_R0195_T180_P330.wav */ = {isa = PBXFileReference; lastKnownFileType = text; name = "IRC_Composite_C_R0195_T180_P330.wav"; path = "IRC_Composite_C_R0195_T180_P330.wav"; sourceTree = "<group>"; };
		7E9E51AF46CE103527EB40FA /* IRC_Composite_C_R0195_T180_P345.wav */ = {isa = PBXFileReference; lastKnownFileType = text; name = "IRC_Composite_C_R0195_T180_P345.wav"; path = "IRC_Composite_C_R0195_T180_P345.wav"; sourceTree = "<group>"; };
		027D640A60E313770A753D3E /* IRC_Composite_C_R0195_T195_P000.wav */ = {isa = PBXFileReference; lastKnownFileType = text; name = "IRC_Composite_C_R0195_T195_P000.wav"; path = "IRC_Composite_C_R0195_T195_P000.wav"; sourceTree = "<group>"; };
		3C977A112E8608C154DA43C1 /* IRC_Composite_C_R0195_T195_P015.wav */ = {isa = PBXFileReference; lastKnownFileType = text; name = "IRC_Composite_C_R0195_T195_P015.wav"; path = "IRC_Composite_C_R0195_T195_P015.wav"; sourceTree = "<group>"; };
		48BF21577FDC4F37305800CB /* IRC_Composite_C_R0195_T195_P030.wav */ = {isa = PBXFileReference; lastKnownFileType = text; name = "IRC_Composite_C_R0195_T195_P030.wav"; path = "IRC_Composite_C_R0195_T195_P030.wav"; sourceTree = "<group>"; };
		35D06FF615D62783124D22CA /* IRC_Composite_C_R0195_T195_P045.wav */ = {isa = PBXFileReference; lastKnownFileType = text; name = "IRC_Composite_C_R0195_T195_P045.wav"; path = "IRC_Composite_C_R0195_T195_P045.wav"; sourceTree = "<group>"; };
		1F412256756A296D361819DB /* IRC_Composite_C_R0195_T195_P060.wav */ = {isa = PBXFileReference; lastKnownFileType = text; name = "IRC_Composite_C_R0195_T195_P060.wav"; path = "IRC_Composite_C_R0195_T195_P060.wav"; sourceTree = "<group>"; };
		17183EA17652202D28BF16CB /* IRC_Composite_C_R0195_T195_P075.wav */ = {isa = PBXFileReference; lastKnownFileType = text; name = "IRC_Composite_C_R0195_T195_P075.wav"; path = "IRC_Composite_C_R0195_T195_P075.wav"; sourceTree = "<group>"; };
		27304F9B722A5FCD15A27065 /* IRC_Composite_C_R0195_T195_P090.wav */ = {isa = PBXFileReference; lastKnownFileType = text; name = "IRC_Composite_C_R0195_T195_P090.wav"; path = "IRC_Composite_C_R0195_T195_P090.wav"; sourceTree = "<group>"; };
		0EE455D320426BDD20217B2C /* IRC_Composite_C_R0195_T195_P315.wav */ = {isa = PBXFileReference; lastKnownFileType = text; name = "IRC_Composite_C_R0195_T195_P315.wav"; path = "IRC_Composite_C_R0195_T195_P315.wav"; sourceTree = "<group>"; };
		10C905B6162448F17E465D8A /* IRC_Composite_C_R0195_T195_P330.wav */ = {isa = PBXFileReference; lastKnownFileType = text; name = "IRC_Composite_C_R0195_T195_P330.wav"; path = "IRC_Composite_C_R0195_T195_P330.wav"; sourceTree = "<group>"; };
		0F156243546B78AE17C259ED /* IRC_Composite_C_R0195_T195_P345.wav */ = {isa = PBXFileReference; lastKnownFileType = text; name = "IRC_Composite_C_R0195_T195_P345.wav"; path = "IRC_Composite_C_R0195_T195_P345.wav"; sourceTree = "<group>"; };
		6C291CFF489A240550316F02 /* IRC_Composite_C_R0195_T210_P000.wav */ = {isa = PBXFileReference; lastKnownFileType = text; name = "IRC_Composite_C_R0195_T210_P000.wav"; path = "IRC_Composite_C_R0195_T210_P000.wav"; sourceTree = "<group>"; };
		015F330055EB70B858827CFD /* IRC_Composite_C_R0195_T210_P015.wav */ = {isa = PBXFileReference; lastKnownFileType = text; name = "IRC_Composite_C_R0195_T210_P015.wav"; path = "IRC_Composite_C_R0195_T210_P015.wav"; sourceTree = "<group>"; };
		7D821B705B1E16B97B147993 /* IRC_Composite_C_R0195_T210_P030.wav */ = {isa = PBXFileReference; lastKnownFileType = text; name = "IRC_Composite_C_R0195_T210_P030.wav"; path = "IRC_Composite_C_R0195_T210_P030.wav"; sourceTree = "<group>"; };
		3975449E795802532E595542 /* IRC_Composite_C_R0195_T210_P045.wav */ = {isa = PBXFileReference; lastKnownFileType = text; name = "IRC_Composite_C_R0195_T210_P045.wav"; path = "IRC_Composite_C_R0195_T210_P045.wav"; sourceTree = "<group>"; };
		6869673D7E98438853022998 /* IRC_Composite_C_R0195_T210_P060.wav */ = {isa = PBXFileReference; lastKnownFileType = text; name = "IRC_Composite_C_R0195_T210_P060.wav"; path = "IRC_Composite_C_R0195_T210_P060.wav"; sourceTree = "<group>"; };
		48CF2ED00096172E06326F88 /* IRC_Composite_C_R0195_T210_P075.wav */ = {isa = PBXFileReference; lastKnownFileType = text; name = "IRC_Composite_C_R0195_T210_P075.wav"; path = "IRC_Composite_C_R0195_T210_P075.wav"; sourceTree = "<group>"; };
		7FCB707B46C1619E715A07FA /* IRC_Composite_C_R0195_T210_P090.wav */ = {isa = PBXFileReference; lastKnownFileType = text; name = "IRC_Composite_C_R0195_T210_P090.wav"; path = "IRC_Composite_C_R0195_T210_P090.wav"; sourceTree = "<group>"; };
		3FE81DE47C37015A79F0295F /* IRC_Composite_C_R0195_T210_P315.wav */ = {isa = PBXFileReference; lastKnownFileType = text; name = "IRC_Composite_C_R0195_T210_P315.wav"; path = "IRC_Composite_C_R0195_T210_P315.wav"; sourceTree = "<group>"; };
		578762FD025475E53EA83513 /* IRC_Composite_C_R0195_T210_P330.wav */ = {isa = PBXFileReference; lastKnownFileType = text; name = "IRC_Composite_C_R0195_T210_P330.wav"; path = "IRC_Composite_C_R0195_T210_P330.wav"; sourceTree = "<group>"; };
		7CCA69651FF25BA970977A5F /* IRC_Composite_C_R0195_T210_P345.wav */ = {isa = PBXFileReference; lastKnownFileType = text; name = "IRC_Composite_C_R0195_T210_P345.wav"; path = "IRC_Composite_C_R0195_T210_P345.wav"; sourceTree = "<group>"; };
		77DD6FCD3A730B0D0EBF31C2 /* IRC_Composite_C_R0195_T225_P000.wav */ = {isa = PBXFileReference; lastKnownFileType = text; name = "IRC_Composite_C_R0195_T225_P000.wav"; path = "IRC_Composite_C_R0195_T225_P000.wav"; sourceTree = "<group>"; };
		53ED07124B8B4A7211564CCD /* IRC_Composite_C_R0195_T225_P015.wav */ = {isa = PBXFileReference; lastKnownFileType = text; name = "IRC_Composite_C_R0195_T225_P015.wav"; path = "IRC_Composite_C_R0195_T225_P015.wav"; sourceTree = "<group>"; };
		4CEC397F49C55D8014230BCD /* IRC_Composite_C_R0195_T225_P030.wav */ = {isa = PBXFileReference; lastKnownFileType = text; name = "IRC_Composite_C_R0195_T225_P030.wav"; path = "IRC_Composite_C_R0195_T225_P030.wav"; sourceTree = "<group>"; };
		504F785A07482AC7714F13DA /* IRC_Composite_C_R0195_T225_P045.wav */ = {isa = PBXFileReference; lastKnownFileType = text; name = "IRC_Composite_C_R0195_T225_P045.wav"; path = "IRC_Composite_C_R0195_T225_P045.wav"; sourceTree = "<group>"; };
		70D136871839697A07F5665A /* IRC_Composite_C_R0195_T225_P060.wav */ = {isa = PBXFileReference; lastKnownFileType = text; name = "IRC_Composite_C_R0195_T225_P060.wav"; path = "IRC_Composite_C_R0195_T225_P060.wav"; sourceTree = "<group>"; };
		3A8A5B84634158312949088E /* IRC_Composite_C_R0195_T225_P075.wav */ = {isa = PBXFileReference; lastKnownFileType = text; name = "IRC_Composite_C_R0195_T225_P075.wav"; path = "IRC_Composite_C_R0195_T225_P075.wav"; sourceTree = "<group>"; };
		3FE16B180269731F34B77A8E /* IRC_Composite_C_R0195_T225_P090.wav */ = {isa = PBXFileReference; lastKnownFileType = text; name = "IRC_Composite_C_R0195_T225_P090.wav"; path = "IRC_Composite_C_R0195_T225_P090.wav"; sourceTree = "<group>"; };
		3E1511E2336C784F449A1448 /* IRC_Composite_C_R0195_T225_P315.wav */ = {isa = PBXFileReference; lastKnownFileType = text; name = "IRC_Composite_C_R0195_T225_P315.wav"; path = "IRC_Composite_C_R0195_T225_P315.wav"; sourceTree = "<group>"; };
		1F6336AC0294762658CF004B /* IRC_Composite_C_R0195_T225_P330.wav */ = {isa = PBXFileReference; lastKnownFileType = text; name = "IRC_Composite_C_R0195_T225_P330.wav"; path = "IRC_Composite_C_R0195_T225_P330.wav"; sourceTree = "<group>"; };
		5B9E107D0F77735D1B8B4FCA /* IRC_Composite_C_R0195_T225_P345.wav */ = {isa = PBXFileReference; lastKnownFileType = text; name = "IRC_Composite_C_R0195_T225_P345.wav"; path = "IRC_Composite_C_R0195_T225_P345.wav"; sourceTree = "<group>"; };
		0C2F639E23072B01533352D6 /* IRC_Composite_C_R0195_T240_P000.wav */ = {isa = PBXFileReference; lastKnownFileType = text; name = "IRC_Composite_C_R0195_T240_P000.wav"; path = "IRC_Composite_C_R0195_T240_P000.wav"; sourceTree = "<group>"; };
		79B450A7061D05C2236F570C /* IRC_Composite_C_R0195_T240_P015.wav */ = {isa = PBXFileReference; lastKnownFileType = text; name = "IRC_Composite_C_R0195_T240_P015.wav"; path = "IRC_Composite_C_R0195_T240_P015.wav"; sourceTree = "<group>"; };
		0E335C3B3DD02CE904DD4DEA /* IRC_Composite_C_R0195_T240_P030.wav */ = {isa = PBXFileReference; lastKnownFileType = text; name = "IRC_Composite_C_R0195_T240_P030.wav"; path = "IRC_Composite_C_R0195_T240_P030.wav"; sourceTree = "<group>"; };
		439F266E354815F736952390 /* IRC_Composite_C_R0195_T240_P045.wav */ = {isa = PBXFileReference; lastKnownFileType = text; name = "IRC_Composite_C_R0195_T240_P045.wav"; path = "IRC_Composite_C_R0195_T240_P045.wav"; sourceTree = "<group>"; };
		56961CF5389C21496B3C4577 /* IRC_Composite_C_R0195_T240_P060.wav */ = {isa = PBXFileReference; lastKnownFileType = text; name = "IRC_Composite_C_R0195_T240_P060.wav"; path = "IRC_Composite_C_R0195_T240_P060.wav"; sourceTree = "<group>"; };
		4102115832F71C0F2C620BDF /* IRC_Composite_C_R0195_T240_P075.wav */ = {isa = PBXFileReference; lastKnownFileType = text; name = "IRC_Composite_C_R0195_T240_P075.wav"; path = "IRC_Composite_C_R0195_T240_P075.wav"; sourceTree = "<group>"; };
		774022D16BF124D750146BD7 /* IRC_Composite_C_R0195_T240_P090.wav */ = {isa = PBXFileReference; lastKnownFileType = text; name = "IRC_Composite_C_R0195_T240_P090.wav"; path = "IRC_Composite_C_R0195_T240_P090.wav"; sourceTree = "<group>"; };
		036643363F3B53104D4E4D52 /* IRC_Composite_C_R0195_T240_P315.wav */ = {isa = PBXFileReference; lastKnownFileType = text; name = "IRC_Composite_C_R0195_T240_P315.wav"; path = "IRC_Composite_C_R0195_T240_P315.wav"; sourceTree = "<group>"; };
		536A12B956C61D5817F3755E /* IRC_Composite_C_R0195_T240_P330.wav */ = {isa = PBXFileReference; lastKnownFileType = text; name = "IRC_Composite_C_R0195_T240_P330.wav"; path = "IRC_Composite_C_R0195_T240_P330.wav"; sourceTree = "<group>"; };
		25A103885A38236758975175 /* IRC_Composite_C_R0195_T240_P345.wav */ = {isa = PBXFileReference; lastKnownFileType = text; name = "IRC_Composite_C_R0195_T240_P345.wav"; path = "IRC_Composite_C_R0195_T240_P345.wav"; sourceTree = "<group>"; };
		618377531A765D2671127CD4 /* IRC_Composite_C_R0195_T255_P000.wav */ = {isa = PBXFileReference; lastKnownFileType = text; name = "IRC_Composite_C_R0195_T255_P000.wav"; path = "IRC_Composite_C_R0195_T255_P000.wav"; sourceTree = "<group>"; };
		63AE6C6C44CD20BE32482D4A /* IRC_Composite_C_R0195_T255_P015.wav */ = {isa = PBXFileReference; lastKnownFileType = text; name = "IRC_Composite_C_R0195_T255_P015.wav"; path = "IRC_Composite_C_R0195_T255_P015.wav"; sourceTree = "<group>"; };
		58480F5009FA1A19794B6C30 /* IRC_Composite_C_R0195_T255_P030.wav */ = {isa = PBXFileReference; lastKnownFileType = text; name = "IRC_Composite_C_R0195_T255_P030.wav"; path = "IRC_Composite_C_R0195_T255_P030.wav"; sourceTree = "<group>"; };
		73CF26B133B351DD1B8B6568 /* IRC_Composite_C_R0195_T255_P045.wav */ = {isa = PBXFileReference; lastKnownFileType = text; name = "IRC_Composite_C_R0195_T255_P045.wav"; path = "IRC_Composite_C_R0195_T255_P045.wav"; sourceTree = "<group>"; };
		249C3CB548A56D6510F15D4B /* IRC_Composite_C_R0195_T255_P060.wav */ = {isa = PBXFileReference; lastKnownFileType = text; name = "IRC_Composite_C_R0195_T255_P060.wav"; path = "IRC_Composite_C_R0195_T255_P060.wav"; sourceTree = "<group>"; };
		684C6781754C6F455CA835AD /* IRC_Composite_C_R0195_T255_P075.wav */ = {isa = PBXFileReference; lastKnownFileType = text; name = "IRC_Composite_C_R0195_T255_P075.wav"; path = "IRC_Composite_C_R0195_T255_P075.wav"; sourceTree = "<group>"; };
		0964219169785EDD122548BA /* IRC_Composite_C_R0195_T255_P090.wav */ = {isa = PBXFileReference; lastKnownFileType = text; name = "IRC_Composite_C_R0195_T255_P090.wav"; path = "IRC_Composite_C_R0195_T255_P090.wav"; sourceTree = "<group>"; };
		64423293749E42A43A3302AA /* IRC_Composite_C_R0195_T255_P315.wav */ = {isa = PBXFileReference; lastKnownFileType = text; name = "IRC_Composite_C_R0195_T255_P315.wav"; path = "IRC_Composite_C_R0195_T255_P315.wav"; sourceTree = "<group>"; };
		1BFE46BE069E239B36AF4484 /* IRC_Composite_C_R0195_T255_P330.wav */ = {isa = PBXFileReference; lastKnownFileType = text; name = "IRC_Composite_C_R0195_T255_P330.wav"; path = "IRC_Composite_C_R0195_T255_P330.wav"; sourceTree = "<group>"; };
		3A3D0AB8451E543A540D447F /* IRC_Composite_C_R0195_T255_P345.wav */ = {isa = PBXFileReference; lastKnownFileType = text; name = "IRC_Composite_C_R0195_T255_P345.wav"; path = "IRC_Composite_C_R0195_T255_P345.wav"; sourceTree = "<group>"; };
		0017715E60BD52AB0E7B57CE /* IRC_Composite_C_R0195_T270_P000.wav */ = {isa = PBXFileReference; lastKnownFileType = text; name = "IRC_Composite_C_R0195_T270_P000.wav"; path = "IRC_Composite_C_R0195_T270_P000.wav"; sourceTree = "<group>"; };
		17BB2BB26B2C373376FF6EFA /* IRC_Composite_C_R0195_T270_P015.wav */ = {isa = PBXFileReference; lastKnownFileType = text; name = "IRC_Composite_C_R0195_T270_P015.wav"; path = "IRC_Composite_C_R0195_T270_P015.wav"; sourceTree = "<group>"; };
		0CE066ED591E58176D0E6382 /* IRC_Composite_C_R0195_T270_P030.wav */ = {isa = PBXFileReference; lastKnownFileType = text; name = "IRC_Composite_C_R0195_T270_P030.wav"; path = "IRC_Composite_C_R0195_T270_P030.wav"; sourceTree = "<group>"; };
		028A4E7C379E21413E8B2B07 /* IRC_Composite_C_R0195_T270_P045.wav */ = {isa = PBXFileReference; lastKnownFileType = text; name = "IRC_Composite_C_R0195_T270_P045.wav"; path = "IRC_Composite_C_R0195_T270_P045.wav"; sourceTree = "<group>"; };
		6D187B627D814095358B49A2 /* IRC_Composite_C_R0195_T270_P060.wav */ = {isa = PBXFileReference; lastKnownFileType = text; name = "IRC_Composite_C_R0195_T270_P060.wav"; path = "IRC_Composite_C_R0195_T270_P060.wav"; sourceTree = "<group>"; };
		42DF60CD692101A303947952 /* IRC_Composite_C_R0195_T270_P075.wav */ = {isa = PBXFileReference; lastKnownFileType = text; name = "IRC_Composite_C_R0195_T270_P075.wav"; path = "IRC_Composite_C_R0195_T270_P075.wav"; sourceTree = "<group>"; };
		10783D5536775D3B4E0C04EC /* IRC_Composite_C_R0195_T270_P090.wav */ = {isa = PBXFileReference; lastKnownFileType = text; name = "IRC_Composite_C_R0195_T270_P090.wav"; path = "IRC_Composite_C_R0195_T270_P090.wav"; sourceTree = "<group>"; };
		4DDB0EDE34D0022B01F37AF5 /* IRC_Composite_C_R0195_T270_P315.wav */ = {isa = PBXFileReference; lastKnownFileType = text; name = "IRC_Composite_C_R0195_T270_P315.wav"; path = "IRC_Composite_C_R0195_T270_P315.wav"; sourceTree = "<group>"; };
		78E17ECD642014226D712FF7 /* IRC_Composite_C_R0195_T270_P330.wav */ = {isa = PBXFileReference; lastKnownFileType = text; name = "IRC_Composite_C_R0195_T270_P330.wav"; path = "IRC_Composite_C_R0195_T270_P330.wav"; sourceTree = "<group>"; };
		29155513695A29DE3BE7716D /* IRC_Composite_C_R0195_T270_P345.wav */ = {isa = PBXFileReference; lastKnownFileType = text; name = "IRC_Composite_C_R0195_T270_P345.wav"; path = "IRC_Composite_C_R0195_T270_P345.wav"; sourceTree = "<group>"; };
		2C9929176594131232895FF1 /* IRC_Composite_C_R0195_T285_P000.wav */ = {isa = PBXFileReference; lastKnownFileType = text; name = "IRC_Composite_C_R0195_T285_P000.wav"; path = "IRC_Composite_C_R0195_T285_P000.wav"; sourceTree = "<group>"; };
		47B21B0440E303B653E96C2A /* IRC_Composite_C_R0195_T285_P015.wav */ = {isa = PBXFileReference; lastKnownFileType = text; name = "IRC_Composite_C_R0195_T285_P015.wav"; path = "IRC_Composite_C_R0195_T285_P015.wav"; sourceTree = "<group>"; };
		764C2F977B2B44566F577447 /* IRC_Composite_C_R0195_T285_P030.wav */ = {isa = PBXFileReference; lastKnownFileType = text; name = "IRC_Composite_C_R0195_T285_P030.wav"; path = "IRC_Composite_C_R0195_T285_P030.wav"; sourceTree = "<group>"; };
		1265319C0A2A7A3D715E6AB4 /* IRC_Composite_C_R0195_T285_P045.wav */ = {isa = PBXFileReference; lastKnownFileType = text; name = "IRC_Composite_C_R0195_T285_P045.wav"; path = "IRC_Composite_C_R0195_T285_P045.wav"; sourceTree = "<group>"; };
		65034DD57B13471D71FC5916 /* IRC_Composite_C_R0195_T285_P060.wav */ = {isa = PBXFileReference; lastKnownFileType = text; name = "IRC_Composite_C_R0195_T285_P060.wav"; path = "IRC_Composite_C_R0195_T285_P060.wav"; sourceTree = "<group>"; };
		5ED4442631A503AE333052C3 /* IRC_Composite_C_R0195_T285_P075.wav */ = {isa = PBXFileReference; lastKnownFileType = text; name = "IRC_Composite_C_R0195_T285_P075.wav"; path = "IRC_Composite_C_R0195_T285_P075.wav"; sourceTree = "<group>"; };
		4101439452AA4CDC15F74068 /* IRC_Composite_C_R0195_T285_P090.wav */ = {isa = PBXFileReference; lastKnownFileType = text; name = "IRC_Composite_C_R0195_T285_P090.wav"; path = "IRC_Composite_C_R0195_T285_P090.wav"; sourceTree = "<group>"; };
		00BF317D25381CCD13D30E1C /* IRC_Composite_C_R0195_T285_P315.wav */ = {isa = PBXFileReference; lastKnownFileType = text; name = "IRC_Composite_C_R0195_T285_P315.wav"; path = "IRC_Composite_C_R0195_T285_P315.wav"; sourceTree = "<group>"; };
		67D7012B6651516A0C627B22 /* IRC_Composite_C_R0195_T285_P330.wav */ = {isa = PBXFileReference; lastKnownFileType = text; name = "IRC_Composite_C_R0195_T285_P330.wav"; path = "IRC_Composite_C_R0195_T285_P330.wav"; sourceTree = "<group>"; };
		09410FBD7DBF3B43625F020E /* IRC_Composite_C_R0195_T285_P345.wav */ = {isa = PBXFileReference; lastKnownFileType = text; name = "IRC_Composite_C_R0195_T285_P345.wav"; path = "IRC_Composite_C_R0195_T285_P345.wav"; sourceTree = "<group>"; };
		1D853CFF2A70347A4A142299 /* IRC_Composite_C_R0195_T300_P000.wav */ = {isa = PBXFileReference; lastKnownFileType = text; name = "IRC_Composite_C_R0195_T300_P000.wav"; path = "IRC_Composite_C_R0195_T300_P000.wav"; sourceTree = "<group>"; };
		12032F08692D469C33967101 /* IRC_Composite_C_R0195_T300_P015.wav */ = {isa = PBXFileReference; lastKnownFileType = text; name = "IRC_Composite_C_R0195_T300_P015.wav"; path = "IRC_Composite_C_R0195_T300_P015.wav"; sourceTree = "<group>"; };
		226552A235657E6D4E7C5B4D /* IRC_Composite_C_R0195_T300_P030.wav */ = {isa = PBXFileReference; lastKnownFileType = text; name = "IRC_Composite_C_R0195_T300_P030.wav"; path = "IRC_Composite_C_R0195_T300_P030.wav"; sourceTree = "<group>"; };
		1EDF711209F83625510F48C8 /* IRC_Composite_C_R0195_T300_P045.wav */ = {isa = PBXFileReference; lastKnownFileType = text; name = "IRC_Composite_C_R0195_T300_P045.wav"; path = "IRC_Composite_C_R0195_T300_P045.wav"; sourceTree = "<group>"; };
		5089758E441D5BA367942833 /* IRC_Composite_C_R0195_T300_P060.wav */ = {isa = PBXFileReference; lastKnownFileType = text; name = "IRC_Composite_C_R0195_T300_P060.wav"; path = "IRC_Composite_C_R0195_T300_P060.wav"; sourceTree = "<group>"; };
		2F0F15E323CA3A67552E4537 /* IRC_Composite_C_R0195_T300_P075.wav */ = {isa = PBXFileReference; lastKnownFileType = text; name = "IRC_Composite_C_R0195_T300_P075.wav"; path = "IRC_Composite_C_R0195_T300_P075.wav"; sourceTree = "<group>"; };
		39631A95693C183C3C842B5C /* IRC_Composite_C_R0195_T300_P090.wav */ = {isa = PBXFileReference; lastKnownFileType = text; name = "IRC_Composite_C_R0195_T300_P090.wav"; path = "IRC_Composite_C_R0195_T300_P090.wav"; sourceTree = "<group>"; };
		51D243AD4BD04BF625E456F2 /* IRC_Composite_C_R0195_T300_P315.wav */ = {isa = PBXFileReference; lastKnownFileType = text; name = "IRC_Composite_C_R0195_T300_P315.wav"; path = "IRC_Composite_C_R0195_T300_P315.wav"; sourceTree = "<group>"; };
		2EB45257758B2CBB31084166 /* IRC_Composite_C_R0195_T300_P330.wav */ = {isa = PBXFileReference; lastKnownFileType = text; name = "IRC_Composite_C_R0195_T300_P330.wav"; path = "IRC_Composite_C_R0195_T300_P330.wav"; sourceTree = "<group>"; };
		331E1F8F13A810F368446501 /* IRC_Composite_C_R0195_T300_P345.wav */ = {isa = PBXFileReference; lastKnownFileType = text; name = "IRC_Composite_C_R0195_T300_P345.wav"; path = "IRC_Composite_C_R0195_T300_P345.wav"; sourceTree = "<group>"; };
		363E44154D233F3769954F14 /* IRC_Composite_C_R0195_T315_P000.wav */ = {isa = PBXFileReference; lastKnownFileType = text; name = "IRC_Composite_C_R0195_T315_P000.wav"; path = "IRC_Composite_C_R0195_T315_P000.wav"; sourceTree = "<group>"; };
		58D673341BD15E3C5D477396 /* IRC_Composite_C_R0195_T315_P015.wav */ = {isa = PBXFileReference; lastKnownFileType = text; name = "IRC_Composite_C_R0195_T315_P015.wav"; path = "IRC_Composite_C_R0195_T315_P015.wav"; sourceTree = "<group>"; };
		02AA146A5DBF344F40ED0DE7 /* IRC_Composite_C_R0195_T315_P030.wav */ = {isa = PBXFileReference; lastKnownFileType = text; name = "IRC_Composite_C_R0195_T315_P030.wav"; path = "IRC_Composite_C_R0195_T315_P030.wav"; sourceTree = "<group>"; };
		4602540A6A3902B949AF1D7F /* IRC_Composite_C_R0195_T315_P045.wav */ = {isa = PBXFileReference; lastKnownFileType = text; name = "IRC_Composite_C_R0195_T315_P045.wav"; path = "IRC_Composite_C_R0195_T315_P045.wav"; sourceTree = "<group>"; };
		18343474355A367542FB1AEC /* IRC_Composite_C_R0195_T315_P060.wav */ = {isa = PBXFileReference; lastKnownFileType = text; name = "IRC_Composite_C_R0195_T315_P060.wav"; path = "IRC_Composite_C_R0195_T315_P060.wav"; sourceTree = "<group>"; };
		3B7734D8682232082F423FE9 /* IRC_Composite_C_R0195_T315_P075.wav */ = {isa = PBXFileReference; lastKnownFileType = text; name = "IRC_Composite_C_R0195_T315_P075.wav"; path = "IRC_Composite_C_R0195_T315_P075.wav"; sourceTree = "<group>"; };
		7CE7452C522515370CAF530E /* IRC_Composite_C_R0195_T315_P090.wav */ = {isa = PBXFileReference; lastKnownFileType = text; name = "IRC_Composite_C_R0195_T315_P090.wav"; path = "IRC_Composite_C_R0195_T315_P090.wav"; sourceTree = "<group>"; };
		562321B70E0040532491402B /* IRC_Composite_C_R0195_T315_P315.wav */ = {isa = PBXFileReference; lastKnownFileType = text; name = "IRC_Composite_C_R0195_T315_P315.wav"; path = "IRC_Composite_C_R0195_T315_P315.wav"; sourceTree = "<group>"; };
		734A1A791D9F61E3395E0817 /* IRC_Composite_C_R0195_T315_P330.wav */ = {isa = PBXFileReference; lastKnownFileType = text; name = "IRC_Composite_C_R0195_T315_P330.wav"; path = "IRC_Composite_C_R0195_T315_P330.wav"; sourceTree = "<group>"; };
		4612055A10243173250D7CBF /* IRC_Composite_C_R0195_T315_P345.wav */ = {isa = PBXFileReference; lastKnownFileType = text; name = "IRC_Composite_C_R0195_T315_P345.wav"; path = "IRC_Composite_C_R0195_T315_P345.wav"; sourceTree = "<group>"; };
		74334FC473293677524E292D /* IRC_Composite_C_R0195_T330_P000.wav */ = {isa = PBXFileReference; lastKnownFileType = text; name = "IRC_Composite_C_R0195_T330_P000.wav"; path = "IRC_Composite_C_R0195_T330_P000.wav"; sourceTree = "<group>"; };
		75823E5D693E70DA056F5651 /* IRC_Composite_C_R0195_T330_P015.wav */ = {isa = PBXFileReference; lastKnownFileType = text; name = "IRC_Composite_C_R0195_T330_P015.wav"; path = "IRC_Composite_C_R0195_T330_P015.wav"; sourceTree = "<group>"; };
		74D006C92459087627D470BB /* IRC_Composite_C_R0195_T330_P030.wav */ = {isa = PBXFileReference; lastKnownFileType = text; name = "IRC_Composite_C_R0195_T330_P030.wav"; path = "IRC_Composite_C_R0195_T330_P030.wav"; sourceTree = "<group>"; };
		36EB3C2B39D370E6480B4F64 /* IRC_Composite_C_R0195_T330_P045.wav */ = {isa = PBXFileReference; lastKnownFileType = text; name = "IRC_Composite_C_R0195_T330_P045.wav"; path = "IRC_Composite_C_R0195_T330_P045.wav"; sourceTree = "<group>"; };
		4F3D63AF0F53283345CA61B8 /* IRC_Composite_C_R0195_T330_P060.wav */ = {isa = PBXFileReference; lastKnownFileType = text; name = "IRC_Composite_C_R0195_T330_P060.wav"; path = "IRC_Composite_C_R0195_T330_P060.wav"; sourceTree = "<group>"; };
		7B701D2713B95CC2720152F5 /* IRC_Composite_C_R0195_T330_P075.wav */ = {isa = PBXFileReference; lastKnownFileType = text; name = "IRC_Composite_C_R0195_T330_P075.wav"; path = "IRC_Composite_C_R0195_T330_P075.wav"; sourceTree = "<group>"; };
		075F2F82114572B81F187C26 /* IRC_Composite_C_R0195_T330_P090.wav */ = {isa = PBXFileReference; lastKnownFileType = text; name = "IRC_Composite_C_R0195_T330_P090.wav"; path = "IRC_Composite_C_R0195_T330_P090.wav"; sourceTree = "<group>"; };
		51823ED456792CF108722596 /* IRC_Composite_C_R0195_T330_P315.wav */ = {isa = PBXFileReference; lastKnownFileType = text; name = "IRC_Composite_C_R0195_T330_P315.wav"; path = "IRC_Composite_C_R0195_T330_P315.wav"; sourceTree = "<group>"; };
		56691C7421AD0EB8768B2159 /* IRC_Composite_C_R0195_T330_P330.wav */ = {isa = PBXFileReference; lastKnownFileType = text; name = "IRC_Composite_C_R0195_T330_P330.wav"; path = "IRC_Composite_C_R0195_T330_P330.wav"; sourceTree = "<group>"; };
		6B2146DF6B8466DF4D3D6717 /* IRC_Composite_C_R0195_T330_P345.wav */ = {isa = PBXFileReference; lastKnownFileType = text; name = "IRC_Composite_C_R0195_T330_P345.wav"; path = "IRC_Composite_C_R0195_T330_P345.wav"; sourceTree = "<group>"; };
		549D3B5A42EC204E21AF6D4F /* IRC_Composite_C_R0195_T345_P000.wav */ = {isa = PBXFileReference; lastKnownFileType = text; name = "IRC_Composite_C_R0195_T345_P000.wav"; path = "IRC_Composite_C_R0195_T345_P000.wav"; sourceTree = "<group>"; };
		6D8422A505417C0817B866D5 /* IRC_Composite_C_R0195_T345_P015.wav */ = {isa = PBXFileReference; lastKnownFileType = text; name = "IRC_Composite_C_R0195_T345_P015.wav"; path = "IRC_Composite_C_R0195_T345_P015.wav"; sourceTree = "<group>"; };
		582C535F26450E822B056A69 /* IRC_Composite_C_R0195_T345_P030.wav */ = {isa = PBXFileReference; lastKnownFileType = text; name = "IRC_Composite_C_R0195_T345_P030.wav"; path = "IRC_Composite_C_R0195_T345_P030.wav"; sourceTree = "<group>"; };
		4C5660A456BA6EEE74AB3AA5 /* IRC_Composite_C_R0195_T345_P045.wav */ = {isa = PBXFileReference; lastKnownFileType = text; name = "IRC_Composite_C_R0195_T345_P045.wav"; path = "IRC_Composite_C_R0195_T345_P045.wav"; sourceTree = "<group>"; };
		3F841F903A41351D058904C7 /* IRC_Composite_C_R0195_T345_P060.wav */ = {isa = PBXFileReference; lastKnownFileType = text; name = "IRC_Composite_C_R0195_T345_P060.wav"; path = "IRC_Composite_C_R0195_T345_P060.wav"; sourceTree = "<group>"; };
		3D351FC823AD6A4765B82288 /* IRC_Composite_C_R0195_T345_P075.wav */ = {isa = PBXFileReference; lastKnownFileType = text; name = "IRC_Composite_C_R0195_T345_P075.wav"; path = "IRC_Composite_C_R0195_T345_P075.wav"; sourceTree = "<group>"; };
		34D0442112506AC7545A63FD /* IRC_Composite_C_R0195_T345_P090.wav */ = {isa = PBXFileReference; lastKnownFileType = text; name = "IRC_Composite_C_R0195_T345_P090.wav"; path = "IRC_Composite_C_R0195_T345_P090.wav"; sourceTree = "<group>"; };
		09F3639F0F777416546412F1 /* IRC_Composite_C_R0195_T345_P315.wav */ = {isa = PBXFileReference; lastKnownFileType = text; name = "IRC_Composite_C_R0195_T345_P315.wav"; path = "IRC_Composite_C_R0195_T345_P315.wav"; sourceTree = "<group>"; };
		33F7270E3E400E97099530E4 /* IRC_Composite_C_R0195_T345_P330.wav */ = {isa = PBXFileReference; lastKnownFileType = text; name = "IRC_Composite_C_R0195_T345_P330.wav"; path = "IRC_Composite_C_R0195_T345_P330.wav"; sourceTree = "<group>"; };
		07B87E077E8E56CC0CBF0863 /* IRC_Composite_C_R0195_T345_P345.wav */ = {isa = PBXFileReference; lastKnownFileType = text; name = "IRC_Composite_C_R0195_T345_P345.wav"; path = "IRC_Composite_C_R0195_T345_P345.wav"; sourceTree = "<group>"; };
		50C817BE3C1E5C1661722781 /* Accelerate.framework */ = {isa = PBXFileReference; lastKnownFileType = wrapper.framework; name = "Accelerate.framework"; path = "/System/Library/Frameworks/Accelerate.framework"; sourceTree = "<absolute>"; };
		4B30523609013A133989542C /* ApplicationServices.framework */ = {isa = PBXFileReference; lastKnownFileType = wrapper.framework; name = "ApplicationServices.framework"; path = "/System/Library/Frameworks/ApplicationServices.framework"; sourceTree = "<absolute>"; };
		1B8604F85B5B3A3379427941 /* AudioToolbox.framework */ = {isa = PBXFileReference; lastKnownFileType = wrapper.framework; name = "AudioToolbox.framework"; path = "/System/Library/Frameworks/AudioToolbox.framework"; sourceTree = "<absolute>"; };
		67D56B64185268A478432AC1 /* AudioUnit.framework */ = {isa = PBXFileReference; lastKnownFileType = wrapper.framework; name = "AudioUnit.framework"; path = "/System/Library/Frameworks/AudioUnit.framework"; sourceTree = "<absolute>"; };
		5D842D682D0019AB41C25B31 /* Carbon.framework */ = {isa = PBXFileReference; lastKnownFileType = wrapper.framework; name = "Carbon.framework"; path = "/System/Library/Frameworks/Carbon.framework"; sourceTree = "<absolute>"; };
		756358FF5B7F053F1D1A3362 /* Cocoa.framework */ = {isa = PBXFileReference; lastKnownFileType = wrapper.framework; name = "Cocoa.framework"; path = "/System/Library/Frameworks/Cocoa.framework"; sourceTree = "<absolute>"; };
		2C341D352A635F2576DA6503 /* CoreAudio.framework */ = {isa = PBXFileReference; lastKnownFileType = wrapper.framework; name = "CoreAudio.framework"; path = "/System/Library/Frameworks/CoreAudio.framework"; sourceTree = "<absolute>"; };
		1D9F42DF526320B82E847C24 /* CoreFoundation.framework */ = {isa = PBXFileReference; lastKnownFileType = wrapper.framework; name = "CoreFoundation.framework"; path = "/System/Library/Frameworks/CoreFoundation.framework"; sourceTree = "<absolute>"; };
		1AF41F6C17E77E9A67CD582C /* CoreMIDI.framework */ = {isa = PBXFileReference; lastKnownFileType = wrapper.framework; name = "CoreMIDI.framework"; path = "/System/Library/Frameworks/CoreMIDI.framework"; sourceTree = "<absolute>"; };
		16E319B001F92F97117070E4 /* CoreVideo.framework */ = {isa = PBXFileReference; lastKnownFileType = wrapper.framework; name = "CoreVideo.framework"; path = "/System/Library/Frameworks/CoreVideo.framework"; sourceTree = "<absolute>"; };
		006E768A675722ED7DD614D5 /* OpenGL.framework */ = {isa = PBXFileReference; lastKnownFileType = wrapper.framework; name = "OpenGL.framework"; path = "/System/Library/Frameworks/OpenGL.framework"; sourceTree = "<absolute>"; };
		795B7D20517B7EFD506723F9 /* QTKit.framework */ = {isa = PBXFileReference; lastKnownFileType = wrapper.framework; name = "QTKit.framework"; path = "/System/Library/Frameworks/QTKit.framework"; sourceTree = "<absolute>"; };
		02E2574C60F5224501577A30 /* DalekVoiceApp.app */ = {isa = PBXFileReference; explicitFileType = wrapper.application; includeInIndex = 0; name = "DalekVoiceApp.app"; path = "DalekVoiceApp.app"; sourceTree = BUILT_PRODUCTS_DIR; };
		2A2D7BFC5DE924881C195AAB /* LabSound.xcodeproj */ = {isa = PBXFileReference; lastKnownFileType = "wrapper.pb-project"; name = "LabSound.xcodeproj"; path = "src/LabSound.xcodeproj"; sourceTree = SOURCE_ROOT; };
/* End PBXFileReference section */

/* Begin PBXFrameworksBuildPhase section */
		598F54F61C0A791558A0196C /* Frameworks */ = {
			isa = PBXFrameworksBuildPhase;
			buildActionMask = 2147483647;
			files = (
				185A74F672D46F690C487DF2 /* Accelerate.framework in Frameworks */,
				1F5652AE283E1439447E5101 /* ApplicationServices.framework in Frameworks */,
				54E06F2507D0173B5EA11E43 /* AudioToolbox.framework in Frameworks */,
				69EA2BAF70E568E403C93C27 /* AudioUnit.framework in Frameworks */,
				14B65F2304E57C4E7A2C1BE9 /* Carbon.framework in Frameworks */,
				10E00AE347FC24F0092560FF /* Cocoa.framework in Frameworks */,
				29D105F464F27AD4172C7835 /* CoreAudio.framework in Frameworks */,
				3F145F374CF575C1017E1FCA /* CoreFoundation.framework in Frameworks */,
				3B4C17683400072F2F3E48DC /* CoreMIDI.framework in Frameworks */,
				3E624F204FFD24E47CD73CD9 /* CoreVideo.framework in Frameworks */,
				398B7ECF5DF256D83E08085E /* OpenGL.framework in Frameworks */,
				5E1636FB407420C2459134B7 /* QTKit.framework in Frameworks */,
				542849E964410E4C55144536 /* libLabSound.a in Frameworks */,
			);
			runOnlyForDeploymentPostprocessing = 0;
		};
/* End PBXFrameworksBuildPhase section */

/* Begin PBXGroup section */
		418D253025DF549040641743 /* DalekVoiceApp */ = {
			isa = PBXGroup;
			children = (
				3D680BB721A43F8F51627D9F /* src */,
				37C44D8B014E525703EE2E8B /* Frameworks */,
				01422BB0311D27FE4F5B13B5 /* Products */,
				6B8115ED1ED21729158F08F3 /* Projects */,
			);
			name = "DalekVoiceApp";
			sourceTree = "<group>";
		};
		3D680BB721A43F8F51627D9F /* src */ = {
			isa = PBXGroup;
			children = (
				7C8B12F67AB70EFB03D33E3B /* SampleApps */,
				02D702BB6BE7450150180034 /* platform */,
			);
			name = "src";
			path = "src";
			sourceTree = "<group>";
		};
		7C8B12F67AB70EFB03D33E3B /* SampleApps */ = {
			isa = PBXGroup;
			children = (
				26134266532E7BEC636B3284 /* DalekVoiceApp.cpp */,
				3F8C24F5594217AC24CA07E9 /* osx */,
			);
			name = "SampleApps";
			path = "SampleApps";
			sourceTree = "<group>";
		};
		3F8C24F5594217AC24CA07E9 /* osx */ = {
			isa = PBXGroup;
			children = (
				6E525AF32543666916B822D9 /* Info.plist */,
			);
			name = "osx";
			path = "osx";
			sourceTree = "<group>";
		};
		02D702BB6BE7450150180034 /* platform */ = {
			isa = PBXGroup;
			children = (
				01C612594CB067C07C1704CF /* audio */,
			);
			name = "platform";
			path = "platform";
			sourceTree = "<group>";
		};
		01C612594CB067C07C1704CF /* audio */ = {
			isa = PBXGroup;
			children = (
				3A4C05680A516EB416E13DAC /* resources */,
			);
			name = "audio";
			path = "audio";
			sourceTree = "<group>";
		};
		3A4C05680A516EB416E13DAC /* resources */ = {
			isa = PBXGroup;
			children = (
				6FFF60C95F724E7436F136EA /* Composite.wav */,
				6E9A700E507B545C06932211 /* IRC_Composite_C_R0195_T000_P000.wav */,
				20AD54A537330A082C8D0E74 /* IRC_Composite_C_R0195_T000_P015.wav */,
				09762B6D2CE2659B484A014C /* IRC_Composite_C_R0195_T000_P030.wav */,
				52E35ED91AD73EFE23405D7A /* IRC_Composite_C_R0195_T000_P045.wav */,
				29DB149F648B0A8F5B114BA3 /* IRC_Composite_C_R0195_T000_P060.wav */,
				67DA471A15627213530052A0 /* IRC_Composite_C_R0195_T000_P075.wav */,
				1FA71F656042435929AE5EB9 /* IRC_Composite_C_R0195_T000_P090.wav */,
				04B738650FD634E622E65181 /* IRC_Composite_C_R0195_T000_P315.wav */,
				13F901F049F66C8952373D0C /* IRC_Composite_C_R0195_T000_P330.wav */,
				6BC012AF4416405B49AF241F /* IRC_Composite_C_R0195_T000_P345.wav */,
				170B7DDF76E212F05C142E85 /* IRC_Composite_C_R0195_T015_P000.wav */,
				3CE823BF6FA96FD265014086 /* IRC_Composite_C_R0195_T015_P015.wav */,
				5160115D0A1712EA01E847AD /* IRC_Composite_C_R0195_T015_P030.wav */,
				623D420036497F3D18A9064A /* IRC_Composite_C_R0195_T015_P045.wav */,
				00FA3B37202F179E0FB7766C /* IRC_Composite_C_R0195_T015_P060.wav */,
				5CD673F507376A7C1D851F7F /* IRC_Composite_C_R0195_T015_P075.wav */,
				67442C171FF52B9C1D847FB1 /* IRC_Composite_C_R0195_T015_P090.wav */,
				4E8850C7488741C03F693064 /* IRC_Composite_C_R0195_T015_P315.wav */,
				2B375322003D5A6545C30797 /* IRC_Composite_C_R0195_T015_P330.wav */,
				5A9525E44675313511517F76 /* IRC_Composite_C_R0195_T015_P345.wav */,
				444944541A0F7B855A7F0587 /* IRC_Composite_C_R0195_T030_P000.wav */,
				092E5EC9771933614DAD2232 /* IRC_Composite_C_R0195_T030_P015.wav */,
				05E90F6A7D6444D23FCB5008 /* IRC_Composite_C_R0195_T030_P030.wav */,
				628456556BCC2669413270AA /* IRC_Composite_C_R0195_T030_P045.wav */,
				3CD54E3D11AC43C378AB4E44 /* IRC_Composite_C_R0195_T030_P060.wav */,
				6CBD159250ED36E676752760 /* IRC_Composite_C_R0195_T030_P075.wav */,
				34CA5D3378AE7D8E08C83D01 /* IRC_Composite_C_R0195_T030_P090.wav */,
				28537CBF7BA40A4D66C453CB /* IRC_Composite_C_R0195_T030_P315.wav */,
				5174342640D710C2563F4AD3 /* IRC_Composite_C_R0195_T030_P330.wav */,
				6C563A8C68757AAC47582256 /* IRC_Composite_C_R0195_T030_P345.wav */,
				4FA50B004B9E165D65202521 /* IRC_Composite_C_R0195_T045_P000.wav */,
				1FC758CF3E1C317A41634AFE /* IRC_Composite_C_R0195_T045_P015.wav */,
				6B1027C6477B0F8A389C377C /* IRC_Composite_C_R0195_T045_P030.wav */,
				5B8A60DA18EF20F544515D2C /* IRC_Composite_C_R0195_T045_P045.wav */,
				7E93268A5CF456CA0E173D6D /* IRC_Composite_C_R0195_T045_P060.wav */,
				5F2E46B3176719040AFB11E3 /* IRC_Composite_C_R0195_T045_P075.wav */,
				69F90BF0447B6F31134924CE /* IRC_Composite_C_R0195_T045_P090.wav */,
				76E36DF111B049630B517E3B /* IRC_Composite_C_R0195_T045_P315.wav */,
				00164C2049A840DE70477FCB /* IRC_Composite_C_R0195_T045_P330.wav */,
				78492E8D57841D486D0A3484 /* IRC_Composite_C_R0195_T045_P345.wav */,
				610A00B23456128F180D3A77 /* IRC_Composite_C_R0195_T060_P000.wav */,
				69852F4C3867311E2B7479CB /* IRC_Composite_C_R0195_T060_P015.wav */,
				01E3023B2CB7434E56267BCC /* IRC_Composite_C_R0195_T060_P030.wav */,
				2E0B611F4ADA661F384950D8 /* IRC_Composite_C_R0195_T060_P045.wav */,
				2EB370042D2B773A34FD6FD9 /* IRC_Composite_C_R0195_T060_P060.wav */,
				2B0B629E738D416562D6569D /* IRC_Composite_C_R0195_T060_P075.wav */,
				17FE39E2285F17291C50513B /* IRC_Composite_C_R0195_T060_P090.wav */,
				0E0022A04ADD0901266E20D6 /* IRC_Composite_C_R0195_T060_P315.wav */,
				5FCC043A12AE7B385A842D89 /* IRC_Composite_C_R0195_T060_P330.wav */,
				7E9460DC2A407FAD716E0758 /* IRC_Composite_C_R0195_T060_P345.wav */,
				55F6269E7C500EB9156E0C60 /* IRC_Composite_C_R0195_T075_P000.wav */,
				15F2493217AD187A16AB75C5 /* IRC_Composite_C_R0195_T075_P015.wav */,
				0B106469368377E91FD36CDB /* IRC_Composite_C_R0195_T075_P030.wav */,
				255505F1216D2ADD36356891 /* IRC_Composite_C_R0195_T075_P045.wav */,
				39C74CF36703189B05E3139E /* IRC_Composite_C_R0195_T075_P060.wav */,
				1EF4589D4D0530505F3A0948 /* IRC_Composite_C_R0195_T075_P075.wav */,
				7C65623A66E8183369111960 /* IRC_Composite_C_R0195_T075_P090.wav */,
				0FFE0CE93CE56495271A1F2E /* IRC_Composite_C_R0195_T075_P315.wav */,
				2B0C5D497BE6726832F50B93 /* IRC_Composite_C_R0195_T075_P330.wav */,
				16BF146C543031351E2B1D91 /* IRC_Composite_C_R0195_T075_P345.wav */,
				576B51CD012546F912FC6BA3 /* IRC_Composite_C_R0195_T090_P000.wav */,
				340F05ED0E497A44331D5C9F /* IRC_Composite_C_R0195_T090_P015.wav */,
				66374ADA680824224914015C /* IRC_Composite_C_R0195_T090_P030.wav */,
				6E5E743B52A10126256265D7 /* IRC_Composite_C_R0195_T090_P045.wav */,
				0DF0370214B659C0506329B1 /* IRC_Composite_C_R0195_T090_P060.wav */,
				2AC37F782D63583C63E36478 /* IRC_Composite_C_R0195_T090_P075.wav */,
				397876B05AF513A3511962CD /* IRC_Composite_C_R0195_T090_P090.wav */,
				2C01288078E51C026D42407A /* IRC_Composite_C_R0195_T090_P315.wav */,
				3B8122EA38392E347B9B2FAB /* IRC_Composite_C_R0195_T090_P330.wav */,
				33D258E81D3C689345746447 /* IRC_Composite_C_R0195_T090_P345.wav */,
				0CB429261FE434F350140F7A /* IRC_Composite_C_R0195_T105_P000.wav */,
				1C32562C070E639151CD0FA4 /* IRC_Composite_C_R0195_T105_P015.wav */,
				740060F04111463A315F6C71 /* IRC_Composite_C_R0195_T105_P030.wav */,
				105768BF5D6A096C451570CF /* IRC_Composite_C_R0195_T105_P045.wav */,
				4536149562DF3269268055C3 /* IRC_Composite_C_R0195_T105_P060.wav */,
				1BAB283532C94CEB6C44192E /* IRC_Composite_C_R0195_T105_P075.wav */,
				2E272E14443C6C211CA45937 /* IRC_Composite_C_R0195_T105_P090.wav */,
				58F53CD34C5846E43CFE7ECE /* IRC_Composite_C_R0195_T105_P315.wav */,
				34E278E71C797F8C68D66B95 /* IRC_Composite_C_R0195_T105_P330.wav */,
				238D29E7225D1C107E1146B7 /* IRC_Composite_C_R0195_T105_P345.wav */,
				1DF412931356001E4C5C6575 /* IRC_Composite_C_R0195_T120_P000.wav */,
				168D397D6F582B9557F94A29 /* IRC_Composite_C_R0195_T120_P015.wav */,
				6E132F674387774042071544 /* IRC_Composite_C_R0195_T120_P030.wav */,
				576764D622BA11A725A870E4 /* IRC_Composite_C_R0195_T120_P045.wav */,
				3E576A4E306C0DC6444C6BAC /* IRC_Composite_C_R0195_T120_P060.wav */,
				777A072C758B12BC0DF4277A /* IRC_Composite_C_R0195_T120_P075.wav */,
				718C3C1930D92F937A1E5D03 /* IRC_Composite_C_R0195_T120_P090.wav */,
				09F604AB223363165B492BC1 /* IRC_Composite_C_R0195_T120_P315.wav */,
				407A1F513A823DE31EA8479C /* IRC_Composite_C_R0195_T120_P330.wav */,
				7A5566FC6AFB1CAC1DBE5B17 /* IRC_Composite_C_R0195_T120_P345.wav */,
				007C71D2514C0D92263C6B3A /* IRC_Composite_C_R0195_T135_P000.wav */,
				44276915088F0B2B36BB63FF /* IRC_Composite_C_R0195_T135_P015.wav */,
				254D001A4EDE09BE44F21F35 /* IRC_Composite_C_R0195_T135_P030.wav */,
				6CC7202430304EB3546B701D /* IRC_Composite_C_R0195_T135_P045.wav */,
				0174209746A177C14B906E4E /* IRC_Composite_C_R0195_T135_P060.wav */,
				4F11153952E775F94AB366CA /* IRC_Composite_C_R0195_T135_P075.wav */,
				7B175534766919EC6E473854 /* IRC_Composite_C_R0195_T135_P090.wav */,
				18B6632C65C637067F42740B /* IRC_Composite_C_R0195_T135_P315.wav */,
				01B47FCB18B12C8D00995255 /* IRC_Composite_C_R0195_T135_P330.wav */,
				673A26A9475875ED24FE4B9F /* IRC_Composite_C_R0195_T135_P345.wav */,
				5B4744CF72195AA468A81013 /* IRC_Composite_C_R0195_T150_P000.wav */,
				57027C785F421D7517C31FF0 /* IRC_Composite_C_R0195_T150_P015.wav */,
				71DA5D0B15496CE93B88625C /* IRC_Composite_C_R0195_T150_P030.wav */,
				17ED5F5A36273A8917562823 /* IRC_Composite_C_R0195_T150_P045.wav */,
				186B4C1A76DE11847D733E3C /* IRC_Composite_C_R0195_T150_P060.wav */,
				7E361B4F672E00DD51B23642 /* IRC_Composite_C_R0195_T150_P075.wav */,
				2BA712065D9D274014375E65 /* IRC_Composite_C_R0195_T150_P090.wav */,
				69EF78B420411A9E01502C92 /* IRC_Composite_C_R0195_T150_P315.wav */,
				62AA3ECC5A83081B2BD8099C /* IRC_Composite_C_R0195_T150_P330.wav */,
				64821B8B75012A291FE46003 /* IRC_Composite_C_R0195_T150_P345.wav */,
				053029D71B545E863A120ADA /* IRC_Composite_C_R0195_T165_P000.wav */,
				7F9204B5465F2E39547820C4 /* IRC_Composite_C_R0195_T165_P015.wav */,
				44BD00522CC9422A536C7B29 /* IRC_Composite_C_R0195_T165_P030.wav */,
				71882CEA6B6E3FF8391748F4 /* IRC_Composite_C_R0195_T165_P045.wav */,
				31AF7B7E1D8470713D0947FF /* IRC_Composite_C_R0195_T165_P060.wav */,
				39FB21BC5BDB27EE2B3C0A19 /* IRC_Composite_C_R0195_T165_P075.wav */,
				054935E6411377C73E28473B /* IRC_Composite_C_R0195_T165_P090.wav */,
				7DED68EA7B08035A105B7D6A /* IRC_Composite_C_R0195_T165_P315.wav */,
				6B061364443E44BB582B78B1 /* IRC_Composite_C_R0195_T165_P330.wav */,
				50A23CD36474230B509D2965 /* IRC_Composite_C_R0195_T165_P345.wav */,
				42D9515138FD1DE7390B0C16 /* IRC_Composite_C_R0195_T180_P000.wav */,
				02D90F830E44221452B36C6A /* IRC_Composite_C_R0195_T180_P015.wav */,
				64A3356C686358B61DA22CFE /* IRC_Composite_C_R0195_T180_P030.wav */,
				09DD21D348C277BA00CF3939 /* IRC_Composite_C_R0195_T180_P045.wav */,
				5BB576521C08603D7C6C3F4F /* IRC_Composite_C_R0195_T180_P060.wav */,
				7B9733507DEB55A54BA53E6F /* IRC_Composite_C_R0195_T180_P075.wav */,
				7C676F2252B50FAD50C8160F /* IRC_Composite_C_R0195_T180_P090.wav */,
				3E3B26B81D52213C2B5F707D /* IRC_Composite_C_R0195_T180_P315.wav */,
				33C3538367EC59A97BE44F6D /* IRC_Composite_C_R0195_T180_P330.wav */,
				7E9E51AF46CE103527EB40FA /* IRC_Composite_C_R0195_T180_P345.wav */,
				027D640A60E313770A753D3E /* IRC_Composite_C_R0195_T195_P000.wav */,
				3C977A112E8608C154DA43C1 /* IRC_Composite_C_R0195_T195_P015.wav */,
				48BF21577FDC4F37305800CB /* IRC_Composite_C_R0195_T195_P030.wav */,
				35D06FF615D62783124D22CA /* IRC_Composite_C_R0195_T195_P045.wav */,
				1F412256756A296D361819DB /* IRC_Composite_C_R0195_T195_P060.wav */,
				17183EA17652202D28BF16CB /* IRC_Composite_C_R0195_T195_P075.wav */,
				27304F9B722A5FCD15A27065 /* IRC_Composite_C_R0195_T195_P090.wav */,
				0EE455D320426BDD20217B2C /* IRC_Composite_C_R0195_T195_P315.wav */,
				10C905B6162448F17E465D8A /* IRC_Composite_C_R0195_T195_P330.wav */,
				0F156243546B78AE17C259ED /* IRC_Composite_C_R0195_T195_P345.wav */,
				6C291CFF489A240550316F02 /* IRC_Composite_C_R0195_T210_P000.wav */,
				015F330055EB70B858827CFD /* IRC_Composite_C_R0195_T210_P015.wav */,
				7D821B705B1E16B97B147993 /* IRC_Composite_C_R0195_T210_P030.wav */,
				3975449E795802532E595542 /* IRC_Composite_C_R0195_T210_P045.wav */,
				6869673D7E98438853022998 /* IRC_Composite_C_R0195_T210_P060.wav */,
				48CF2ED00096172E06326F88 /* IRC_Composite_C_R0195_T210_P075.wav */,
				7FCB707B46C1619E715A07FA /* IRC_Composite_C_R0195_T210_P090.wav */,
				3FE81DE47C37015A79F0295F /* IRC_Composite_C_R0195_T210_P315.wav */,
				578762FD025475E53EA83513 /* IRC_Composite_C_R0195_T210_P330.wav */,
				7CCA69651FF25BA970977A5F /* IRC_Composite_C_R0195_T210_P345.wav */,
				77DD6FCD3A730B0D0EBF31C2 /* IRC_Composite_C_R0195_T225_P000.wav */,
				53ED07124B8B4A7211564CCD /* IRC_Composite_C_R0195_T225_P015.wav */,
				4CEC397F49C55D8014230BCD /* IRC_Composite_C_R0195_T225_P030.wav */,
				504F785A07482AC7714F13DA /* IRC_Composite_C_R0195_T225_P045.wav */,
				70D136871839697A07F5665A /* IRC_Composite_C_R0195_T225_P060.wav */,
				3A8A5B84634158312949088E /* IRC_Composite_C_R0195_T225_P075.wav */,
				3FE16B180269731F34B77A8E /* IRC_Composite_C_R0195_T225_P090.wav */,
				3E1511E2336C784F449A1448 /* IRC_Composite_C_R0195_T225_P315.wav */,
				1F6336AC0294762658CF004B /* IRC_Composite_C_R0195_T225_P330.wav */,
				5B9E107D0F77735D1B8B4FCA /* IRC_Composite_C_R0195_T225_P345.wav */,
				0C2F639E23072B01533352D6 /* IRC_Composite_C_R0195_T240_P000.wav */,
				79B450A7061D05C2236F570C /* IRC_Composite_C_R0195_T240_P015.wav */,
				0E335C3B3DD02CE904DD4DEA /* IRC_Composite_C_R0195_T240_P030.wav */,
				439F266E354815F736952390 /* IRC_Composite_C_R0195_T240_P045.wav */,
				56961CF5389C21496B3C4577 /* IRC_Composite_C_R0195_T240_P060.wav */,
				4102115832F71C0F2C620BDF /* IRC_Composite_C_R0195_T240_P075.wav */,
				774022D16BF124D750146BD7 /* IRC_Composite_C_R0195_T240_P090.wav */,
				036643363F3B53104D4E4D52 /* IRC_Composite_C_R0195_T240_P315.wav */,
				536A12B956C61D5817F3755E /* IRC_Composite_C_R0195_T240_P330.wav */,
				25A103885A38236758975175 /* IRC_Composite_C_R0195_T240_P345.wav */,
				618377531A765D2671127CD4 /* IRC_Composite_C_R0195_T255_P000.wav */,
				63AE6C6C44CD20BE32482D4A /* IRC_Composite_C_R0195_T255_P015.wav */,
				58480F5009FA1A19794B6C30 /* IRC_Composite_C_R0195_T255_P030.wav */,
				73CF26B133B351DD1B8B6568 /* IRC_Composite_C_R0195_T255_P045.wav */,
				249C3CB548A56D6510F15D4B /* IRC_Composite_C_R0195_T255_P060.wav */,
				684C6781754C6F455CA835AD /* IRC_Composite_C_R0195_T255_P075.wav */,
				0964219169785EDD122548BA /* IRC_Composite_C_R0195_T255_P090.wav */,
				64423293749E42A43A3302AA /* IRC_Composite_C_R0195_T255_P315.wav */,
				1BFE46BE069E239B36AF4484 /* IRC_Composite_C_R0195_T255_P330.wav */,
				3A3D0AB8451E543A540D447F /* IRC_Composite_C_R0195_T255_P345.wav */,
				0017715E60BD52AB0E7B57CE /* IRC_Composite_C_R0195_T270_P000.wav */,
				17BB2BB26B2C373376FF6EFA /* IRC_Composite_C_R0195_T270_P015.wav */,
				0CE066ED591E58176D0E6382 /* IRC_Composite_C_R0195_T270_P030.wav */,
				028A4E7C379E21413E8B2B07 /* IRC_Composite_C_R0195_T270_P045.wav */,
				6D187B627D814095358B49A2 /* IRC_Composite_C_R0195_T270_P060.wav */,
				42DF60CD692101A303947952 /* IRC_Composite_C_R0195_T270_P075.wav */,
				10783D5536775D3B4E0C04EC /* IRC_Composite_C_R0195_T270_P090.wav */,
				4DDB0EDE34D0022B01F37AF5 /* IRC_Composite_C_R0195_T270_P315.wav */,
				78E17ECD642014226D712FF7 /* IRC_Composite_C_R0195_T270_P330.wav */,
				29155513695A29DE3BE7716D /* IRC_Composite_C_R0195_T270_P345.wav */,
				2C9929176594131232895FF1 /* IRC_Composite_C_R0195_T285_P000.wav */,
				47B21B0440E303B653E96C2A /* IRC_Composite_C_R0195_T285_P015.wav */,
				764C2F977B2B44566F577447 /* IRC_Composite_C_R0195_T285_P030.wav */,
				1265319C0A2A7A3D715E6AB4 /* IRC_Composite_C_R0195_T285_P045.wav */,
				65034DD57B13471D71FC5916 /* IRC_Composite_C_R0195_T285_P060.wav */,
				5ED4442631A503AE333052C3 /* IRC_Composite_C_R0195_T285_P075.wav */,
				4101439452AA4CDC15F74068 /* IRC_Composite_C_R0195_T285_P090.wav */,
				00BF317D25381CCD13D30E1C /* IRC_Composite_C_R0195_T285_P315.wav */,
				67D7012B6651516A0C627B22 /* IRC_Composite_C_R0195_T285_P330.wav */,
				09410FBD7DBF3B43625F020E /* IRC_Composite_C_R0195_T285_P345.wav */,
				1D853CFF2A70347A4A142299 /* IRC_Composite_C_R0195_T300_P000.wav */,
				12032F08692D469C33967101 /* IRC_Composite_C_R0195_T300_P015.wav */,
				226552A235657E6D4E7C5B4D /* IRC_Composite_C_R0195_T300_P030.wav */,
				1EDF711209F83625510F48C8 /* IRC_Composite_C_R0195_T300_P045.wav */,
				5089758E441D5BA367942833 /* IRC_Composite_C_R0195_T300_P060.wav */,
				2F0F15E323CA3A67552E4537 /* IRC_Composite_C_R0195_T300_P075.wav */,
				39631A95693C183C3C842B5C /* IRC_Composite_C_R0195_T300_P090.wav */,
				51D243AD4BD04BF625E456F2 /* IRC_Composite_C_R0195_T300_P315.wav */,
				2EB45257758B2CBB31084166 /* IRC_Composite_C_R0195_T300_P330.wav */,
				331E1F8F13A810F368446501 /* IRC_Composite_C_R0195_T300_P345.wav */,
				363E44154D233F3769954F14 /* IRC_Composite_C_R0195_T315_P000.wav */,
				58D673341BD15E3C5D477396 /* IRC_Composite_C_R0195_T315_P015.wav */,
				02AA146A5DBF344F40ED0DE7 /* IRC_Composite_C_R0195_T315_P030.wav */,
				4602540A6A3902B949AF1D7F /* IRC_Composite_C_R0195_T315_P045.wav */,
				18343474355A367542FB1AEC /* IRC_Composite_C_R0195_T315_P060.wav */,
				3B7734D8682232082F423FE9 /* IRC_Composite_C_R0195_T315_P075.wav */,
				7CE7452C522515370CAF530E /* IRC_Composite_C_R0195_T315_P090.wav */,
				562321B70E0040532491402B /* IRC_Composite_C_R0195_T315_P315.wav */,
				734A1A791D9F61E3395E0817 /* IRC_Composite_C_R0195_T315_P330.wav */,
				4612055A10243173250D7CBF /* IRC_Composite_C_R0195_T315_P345.wav */,
				74334FC473293677524E292D /* IRC_Composite_C_R0195_T330_P000.wav */,
				75823E5D693E70DA056F5651 /* IRC_Composite_C_R0195_T330_P015.wav */,
				74D006C92459087627D470BB /* IRC_Composite_C_R0195_T330_P030.wav */,
				36EB3C2B39D370E6480B4F64 /* IRC_Composite_C_R0195_T330_P045.wav */,
				4F3D63AF0F53283345CA61B8 /* IRC_Composite_C_R0195_T330_P060.wav */,
				7B701D2713B95CC2720152F5 /* IRC_Composite_C_R0195_T330_P075.wav */,
				075F2F82114572B81F187C26 /* IRC_Composite_C_R0195_T330_P090.wav */,
				51823ED456792CF108722596 /* IRC_Composite_C_R0195_T330_P315.wav */,
				56691C7421AD0EB8768B2159 /* IRC_Composite_C_R0195_T330_P330.wav */,
				6B2146DF6B8466DF4D3D6717 /* IRC_Composite_C_R0195_T330_P345.wav */,
				549D3B5A42EC204E21AF6D4F /* IRC_Composite_C_R0195_T345_P000.wav */,
				6D8422A505417C0817B866D5 /* IRC_Composite_C_R0195_T345_P015.wav */,
				582C535F26450E822B056A69 /* IRC_Composite_C_R0195_T345_P030.wav */,
				4C5660A456BA6EEE74AB3AA5 /* IRC_Composite_C_R0195_T345_P045.wav */,
				3F841F903A41351D058904C7 /* IRC_Composite_C_R0195_T345_P060.wav */,
				3D351FC823AD6A4765B82288 /* IRC_Composite_C_R0195_T345_P075.wav */,
				34D0442112506AC7545A63FD /* IRC_Composite_C_R0195_T345_P090.wav */,
				09F3639F0F777416546412F1 /* IRC_Composite_C_R0195_T345_P315.wav */,
				33F7270E3E400E97099530E4 /* IRC_Composite_C_R0195_T345_P330.wav */,
				07B87E077E8E56CC0CBF0863 /* IRC_Composite_C_R0195_T345_P345.wav */,
			);
			name = "resources";
			path = "resources";
			sourceTree = "<group>";
		};
		37C44D8B014E525703EE2E8B /* Frameworks */ = {
			isa = PBXGroup;
			children = (
				50C817BE3C1E5C1661722781 /* Accelerate.framework */,
				4B30523609013A133989542C /* ApplicationServices.framework */,
				1B8604F85B5B3A3379427941 /* AudioToolbox.framework */,
				67D56B64185268A478432AC1 /* AudioUnit.framework */,
				5D842D682D0019AB41C25B31 /* Carbon.framework */,
				756358FF5B7F053F1D1A3362 /* Cocoa.framework */,
				2C341D352A635F2576DA6503 /* CoreAudio.framework */,
				1D9F42DF526320B82E847C24 /* CoreFoundation.framework */,
				1AF41F6C17E77E9A67CD582C /* CoreMIDI.framework */,
				16E319B001F92F97117070E4 /* CoreVideo.framework */,
				006E768A675722ED7DD614D5 /* OpenGL.framework */,
				795B7D20517B7EFD506723F9 /* QTKit.framework */,
			);
			name = "Frameworks";
			sourceTree = "<group>";
		};
		01422BB0311D27FE4F5B13B5 /* Products */ = {
			isa = PBXGroup;
			children = (
				02E2574C60F5224501577A30 /* DalekVoiceApp.app */,
			);
			name = "Products";
			sourceTree = "<group>";
		};
		6B8115ED1ED21729158F08F3 /* Projects */ = {
			isa = PBXGroup;
			children = (
				2A2D7BFC5DE924881C195AAB /* LabSound.xcodeproj */,
			);
			name = "Projects";
			sourceTree = "<group>";
		};
		262764D177A5332A48EA3695 /* Products */ = {
			isa = PBXGroup;
			children = (
				253419F92BC40C5400182B7B /* libLabSound.a */,
			);
			name = Products;
			sourceTree = "<group>";
		};
/* End PBXGroup section */

/* Begin PBXNativeTarget section */
		2044556F1D595637422117F5 /* DalekVoiceApp */ = {
			isa = PBXNativeTarget;
			buildConfigurationList = 68763A1022627C8C00544C61 /* Build configuration list for PBXNativeTarget "DalekVoiceApp" */;
			buildPhases = (
				29FE143A2CB615544EAF5A47 /* Resources */,
				139E6FD31DF351AE21E15266 /* Sources */,
				598F54F61C0A791558A0196C /* Frameworks */,
			);
			buildRules = (
			);
			dependencies = (
				489E158C20BA47040CA805F7 /* PBXTargetDependency */,
			);
			name = "DalekVoiceApp";
			productInstallPath = "$(HOME)/Applications";
			productName = "DalekVoiceApp";
			productReference = 02E2574C60F5224501577A30 /* DalekVoiceApp.app */;
			productType = "com.apple.product-type.application";
		};
/* End PBXNativeTarget section */

/* Begin PBXProject section */
		08FB7793FE84155DC02AAC07 /* Project object */ = {
			isa = PBXProject;
			buildConfigurationList = 1DEB928908733DD80010E9CD /* Build configuration list for PBXProject "DalekVoiceApp" */;
			compatibilityVersion = "Xcode 3.2";
			hasScannedForEncodings = 1;
			mainGroup = 418D253025DF549040641743 /* DalekVoiceApp */;
			projectDirPath = "";
			projectReferences = (
				{
					ProductGroup = 262764D177A5332A48EA3695 /* Products */;
					ProjectRef = 2A2D7BFC5DE924881C195AAB /* LabSound.xcodeproj */;
				},
			);
			projectRoot = "";
			targets = (
				2044556F1D595637422117F5 /* DalekVoiceApp.app */,
			);
		};
/* End PBXProject section */

/* Begin PBXReferenceProxy section */
		253419F92BC40C5400182B7B /* libLabSound.a */ = {
			isa = PBXReferenceProxy;
			fileType = archive.ar;
			path = "build/Debug/libLabSound.a";
			remoteRef = 25D42C59149E2F0A74C62BD4 /* PBXContainerItemProxy */;
			sourceTree = BUILT_PRODUCTS_DIR;
		};
/* End PBXReferenceProxy section */

/* Begin PBXResourcesBuildPhase section */
		29FE143A2CB615544EAF5A47 /* Resources */ = {
			isa = PBXResourcesBuildPhase;
			buildActionMask = 2147483647;
			files = (
			);
			runOnlyForDeploymentPostprocessing = 0;
		};
/* End PBXResourcesBuildPhase section */

/* Begin PBXSourcesBuildPhase section */
		139E6FD31DF351AE21E15266 /* Sources */ = {
			isa = PBXSourcesBuildPhase;
			buildActionMask = 2147483647;
			files = (
				2D884FBF1DE6034952953E16 /* DalekVoiceApp.cpp in Sources */,
			);
			runOnlyForDeploymentPostprocessing = 0;
		};
/* End PBXSourcesBuildPhase section */

/* Begin PBXVariantGroup section */
/* End PBXVariantGroup section */

/* Begin PBXTargetDependency section */
		489E158C20BA47040CA805F7 /* PBXTargetDependency */ = {
			isa = PBXTargetDependency;
			name = "libLabSound.a";
			targetProxy = 009963AD310E4DD90ACE649C /* PBXContainerItemProxy */;
		};
/* End PBXTargetDependency section */

/* Begin XCBuildConfiguration section */
		41121C3F120B346704EF78AA /* Debug Native 32-bit */ = {
			isa = XCBuildConfiguration;
			buildSettings = {
				ALWAYS_SEARCH_USER_PATHS = NO;
				CONFIGURATION_BUILD_DIR = build/Debug;
				GCC_DYNAMIC_NO_PIC = NO;
				GCC_MODEL_TUNING = G5;
				INFOPLIST_FILE = "src/SampleApps/osx/Info.plist";
				INSTALL_PATH = "$(HOME)/Applications";
				PRODUCT_NAME = "DalekVoiceApp";
			};
			name = "Debug Native 32-bit";
		};
		3FC0729673BD214F7DC872FA /* Debug Native 64-bit */ = {
			isa = XCBuildConfiguration;
			buildSettings = {
				ALWAYS_SEARCH_USER_PATHS = NO;
				CONFIGURATION_BUILD_DIR = build/Debug;
				GCC_DYNAMIC_NO_PIC = NO;
				GCC_MODEL_TUNING = G5;
				INFOPLIST_FILE = "src/SampleApps/osx/Info.plist";
				INSTALL_PATH = "$(HOME)/Applications";
				PRODUCT_NAME = "DalekVoiceApp";
			};
			name = "Debug Native 64-bit";
		};
		296B541E0230391F60930BC5 /* Release Native 32-bit */ = {
			isa = XCBuildConfiguration;
			buildSettings = {
				ALWAYS_SEARCH_USER_PATHS = NO;
				DEBUG_INFORMATION_FORMAT = "dwarf-with-dsym";
				CONFIGURATION_BUILD_DIR = build/Release;
				GCC_DYNAMIC_NO_PIC = NO;
				GCC_MODEL_TUNING = G5;
				INFOPLIST_FILE = "src/SampleApps/osx/Info.plist";
				INSTALL_PATH = "$(HOME)/Applications";
				PRODUCT_NAME = "DalekVoiceApp";
			};
			name = "Release Native 32-bit";
		};
		5AFA62DD42561FB4681D685E /* Release Native 64-bit */ = {
			isa = XCBuildConfiguration;
			buildSettings = {
				ALWAYS_SEARCH_USER_PATHS = NO;
				DEBUG_INFORMATION_FORMAT = "dwarf-with-dsym";
				CONFIGURATION_BUILD_DIR = build/Release;
				GCC_DYNAMIC_NO_PIC = NO;
				GCC_MODEL_TUNING = G5;
				INFOPLIST_FILE = "src/SampleApps/osx/Info.plist";
				INSTALL_PATH = "$(HOME)/Applications";
				PRODUCT_NAME = "DalekVoiceApp";
			};
			name = "Release Native 64-bit";
		};
		0C9453AC4EE4034D68662AB6 /* Debug Native 32-bit */ = {
			isa = XCBuildConfiguration;
			buildSettings = {
				ARCHS = "i386";
				CONFIGURATION_BUILD_DIR = "$(SYMROOT)";
				CONFIGURATION_TEMP_DIR = "$(OBJROOT)";
				COPY_PHASE_STRIP = NO;
				GCC_C_LANGUAGE_STANDARD = gnu99;
				GCC_OPTIMIZATION_LEVEL = 0;
				GCC_PREPROCESSOR_DEFINITIONS = (
					"ENABLE_MEDIA_STREAM=1",
					"ENABLE_WEB_AUDIO=1",
					"STATICALLY_LINKED_WITH_WTF",
					"DEBUG",
					"PD",
					"__MACOSX_CORE__",
					"HAVE_NO_OFLOG",
					"HAVE_BOOST_THREAD",
					"HAVE_LIBDL",
					"OSX",
					"HAVE_ALLOCA",
					"HAVE_UNISTD_H",
					"USEAPI_DUMMY",
				);
				GCC_SYMBOLS_PRIVATE_EXTERN = NO;
				GCC_WARN_ABOUT_RETURN_TYPE = YES;
				GCC_WARN_UNUSED_VARIABLE = YES;
				HEADER_SEARCH_PATHS = (
					"src/WTF",
					"src/WTF/icu",
					"src/platform/audio",
					"src/platform/graphics",
					"src/Modules/webaudio",
					"src/shim",
					"src/LabSound",
					"src/Samples",
				);
				OBJROOT = "obj/x32/Debug/DalekVoiceApp";
				ONLY_ACTIVE_ARCH = YES;
				OTHER_CFLAGS = (
					"-std=c++11",
					"-stdlib=libc++",
				);
				OTHER_LDFLAGS = (
					"-licucore",
					"-std=c++11",
					"-stdlib=libc++",
				);
				SYMROOT = "build/Debug";
			};
			name = "Debug Native 32-bit";
		};
		355D2D2231B23B813C8D0239 /* Debug Native 64-bit */ = {
			isa = XCBuildConfiguration;
			buildSettings = {
				ARCHS = "x86_64";
				CONFIGURATION_BUILD_DIR = "$(SYMROOT)";
				CONFIGURATION_TEMP_DIR = "$(OBJROOT)";
				COPY_PHASE_STRIP = NO;
				GCC_C_LANGUAGE_STANDARD = gnu99;
				GCC_OPTIMIZATION_LEVEL = 0;
				GCC_PREPROCESSOR_DEFINITIONS = (
					"ENABLE_MEDIA_STREAM=1",
					"ENABLE_WEB_AUDIO=1",
					"STATICALLY_LINKED_WITH_WTF",
					"DEBUG",
					"PD",
					"__MACOSX_CORE__",
					"HAVE_NO_OFLOG",
					"HAVE_BOOST_THREAD",
					"HAVE_LIBDL",
					"OSX",
					"HAVE_ALLOCA",
					"HAVE_UNISTD_H",
					"USEAPI_DUMMY",
				);
				GCC_SYMBOLS_PRIVATE_EXTERN = NO;
				GCC_WARN_ABOUT_RETURN_TYPE = YES;
				GCC_WARN_UNUSED_VARIABLE = YES;
				HEADER_SEARCH_PATHS = (
					"src/WTF",
					"src/WTF/icu",
					"src/platform/audio",
					"src/platform/graphics",
					"src/Modules/webaudio",
					"src/shim",
					"src/LabSound",
					"src/Samples",
				);
				OBJROOT = "obj/x64/Debug/DalekVoiceApp";
				ONLY_ACTIVE_ARCH = YES;
				OTHER_CFLAGS = (
					"-std=c++11",
					"-stdlib=libc++",
				);
				OTHER_LDFLAGS = (
					"-licucore",
					"-std=c++11",
					"-stdlib=libc++",
				);
				SYMROOT = "build/Debug";
			};
			name = "Debug Native 64-bit";
		};
		5D57094A115B055C06370B3B /* Release Native 32-bit */ = {
			isa = XCBuildConfiguration;
			buildSettings = {
				ARCHS = "i386";
				CONFIGURATION_BUILD_DIR = "$(SYMROOT)";
				CONFIGURATION_TEMP_DIR = "$(OBJROOT)";
				GCC_C_LANGUAGE_STANDARD = gnu99;
				GCC_OPTIMIZATION_LEVEL = s;
				GCC_PREPROCESSOR_DEFINITIONS = (
					"ENABLE_MEDIA_STREAM=1",
					"ENABLE_WEB_AUDIO=1",
					"STATICALLY_LINKED_WITH_WTF",
					"NDEBUG",
					"PD",
					"__MACOSX_CORE__",
					"HAVE_NO_OFLOG",
					"HAVE_BOOST_THREAD",
					"HAVE_LIBDL",
					"OSX",
					"HAVE_ALLOCA",
					"HAVE_UNISTD_H",
					"USEAPI_DUMMY",
				);
				GCC_SYMBOLS_PRIVATE_EXTERN = NO;
				GCC_WARN_ABOUT_RETURN_TYPE = YES;
				GCC_WARN_UNUSED_VARIABLE = YES;
				HEADER_SEARCH_PATHS = (
					"src/WTF",
					"src/WTF/icu",
					"src/platform/audio",
					"src/platform/graphics",
					"src/Modules/webaudio",
					"src/shim",
					"src/LabSound",
					"src/Samples",
				);
				OBJROOT = "obj/x32/Release/DalekVoiceApp";
				ONLY_ACTIVE_ARCH = NO;
				OTHER_CFLAGS = (
					"-std=c++11",
					"-stdlib=libc++",
				);
				OTHER_LDFLAGS = (
					"-licucore",
					"-std=c++11",
					"-stdlib=libc++",
				);
				SYMROOT = "build/Release";
			};
			name = "Release Native 32-bit";
		};
		74FA732F31F83FBB46BF5C9A /* Release Native 64-bit */ = {
			isa = XCBuildConfiguration;
			buildSettings = {
				ARCHS = "x86_64";
				CONFIGURATION_BUILD_DIR = "$(SYMROOT)";
				CONFIGURATION_TEMP_DIR = "$(OBJROOT)";
				GCC_C_LANGUAGE_STANDARD = gnu99;
				GCC_OPTIMIZATION_LEVEL = s;
				GCC_PREPROCESSOR_DEFINITIONS = (
					"ENABLE_MEDIA_STREAM=1",
					"ENABLE_WEB_AUDIO=1",
					"STATICALLY_LINKED_WITH_WTF",
					"NDEBUG",
					"PD",
					"__MACOSX_CORE__",
					"HAVE_NO_OFLOG",
					"HAVE_BOOST_THREAD",
					"HAVE_LIBDL",
					"OSX",
					"HAVE_ALLOCA",
					"HAVE_UNISTD_H",
					"USEAPI_DUMMY",
				);
				GCC_SYMBOLS_PRIVATE_EXTERN = NO;
				GCC_WARN_ABOUT_RETURN_TYPE = YES;
				GCC_WARN_UNUSED_VARIABLE = YES;
				HEADER_SEARCH_PATHS = (
					"src/WTF",
					"src/WTF/icu",
					"src/platform/audio",
					"src/platform/graphics",
					"src/Modules/webaudio",
					"src/shim",
					"src/LabSound",
					"src/Samples",
				);
				OBJROOT = "obj/x64/Release/DalekVoiceApp";
				ONLY_ACTIVE_ARCH = NO;
				OTHER_CFLAGS = (
					"-std=c++11",
					"-stdlib=libc++",
				);
				OTHER_LDFLAGS = (
					"-licucore",
					"-std=c++11",
					"-stdlib=libc++",
				);
				SYMROOT = "build/Release";
			};
			name = "Release Native 64-bit";
		};
/* End XCBuildConfiguration section */

/* Begin XCConfigurationList section */
		68763A1022627C8C00544C61 /* Build configuration list for PBXNativeTarget "DalekVoiceApp.app" */ = {
			isa = XCConfigurationList;
			buildConfigurations = (
				41121C3F120B346704EF78AA /* Debug Native 32-bit */,
				3FC0729673BD214F7DC872FA /* Debug Native 64-bit */,
				296B541E0230391F60930BC5 /* Release Native 32-bit */,
				5AFA62DD42561FB4681D685E /* Release Native 64-bit */,
			);
			defaultConfigurationIsVisible = 0;
			defaultConfigurationName = "Debug Native 32-bit";
		};
		1DEB928908733DD80010E9CD /* Build configuration list for PBXProject "DalekVoiceApp" */ = {
			isa = XCConfigurationList;
			buildConfigurations = (
				0C9453AC4EE4034D68662AB6 /* Debug Native 32-bit */,
				355D2D2231B23B813C8D0239 /* Debug Native 64-bit */,
				5D57094A115B055C06370B3B /* Release Native 32-bit */,
				74FA732F31F83FBB46BF5C9A /* Release Native 64-bit */,
			);
			defaultConfigurationIsVisible = 0;
			defaultConfigurationName = "Debug Native 32-bit";
		};
/* End XCConfigurationList section */

	};
	rootObject = 08FB7793FE84155DC02AAC07 /* Project object */;
}
